// !$*UTF8*$!
{
	archiveVersion = 1;
	classes = {
	};
	objectVersion = 77;
	objects = {

/* Begin PBXBuildFile section */
		293BFA6E2F345EEF00397892 /* SDWebImage in Frameworks */ = {isa = PBXBuildFile; productRef = 293BFA6D2F345EEF00397892 /* SDWebImage */; };
		293BFA702F345EEF00397892 /* SDWebImageMapKit in Frameworks */ = {isa = PBXBuildFile; productRef = 293BFA6F2F345EEF00397892 /* SDWebImageMapKit */; };
		29953C5B2F1DAF1900E5FE02 /* FirebaseAI in Frameworks */ = {isa = PBXBuildFile; productRef = 29953C5A2F1DAF1900E5FE02 /* FirebaseAI */; };
		29953C5D2F1DAF1900E5FE02 /* FirebaseAILogic in Frameworks */ = {isa = PBXBuildFile; productRef = 29953C5C2F1DAF1900E5FE02 /* FirebaseAILogic */; };
		29953C5F2F1DAF1900E5FE02 /* FirebaseAnalytics in Frameworks */ = {isa = PBXBuildFile; productRef = 29953C5E2F1DAF1900E5FE02 /* FirebaseAnalytics */; };
		29953C612F1DAF1900E5FE02 /* FirebaseAnalyticsCore in Frameworks */ = {isa = PBXBuildFile; productRef = 29953C602F1DAF1900E5FE02 /* FirebaseAnalyticsCore */; };
		29953C632F1DAF1900E5FE02 /* FirebaseAnalyticsIdentitySupport in Frameworks */ = {isa = PBXBuildFile; productRef = 29953C622F1DAF1900E5FE02 /* FirebaseAnalyticsIdentitySupport */; };
		29953C652F1DAF1900E5FE02 /* FirebaseAppCheck in Frameworks */ = {isa = PBXBuildFile; productRef = 29953C642F1DAF1900E5FE02 /* FirebaseAppCheck */; };
		29953C672F1DAF1900E5FE02 /* FirebaseAppDistribution-Beta in Frameworks */ = {isa = PBXBuildFile; productRef = 29953C662F1DAF1900E5FE02 /* FirebaseAppDistribution-Beta */; };
		29953C692F1DAF1900E5FE02 /* FirebaseAuth in Frameworks */ = {isa = PBXBuildFile; productRef = 29953C682F1DAF1900E5FE02 /* FirebaseAuth */; };
		29953C6B2F1DAF1900E5FE02 /* FirebaseAuthCombine-Community in Frameworks */ = {isa = PBXBuildFile; productRef = 29953C6A2F1DAF1900E5FE02 /* FirebaseAuthCombine-Community */; };
		29953C6D2F1DAF1900E5FE02 /* FirebaseCore in Frameworks */ = {isa = PBXBuildFile; productRef = 29953C6C2F1DAF1900E5FE02 /* FirebaseCore */; };
		29953C6F2F1DAF1900E5FE02 /* FirebaseCrashlytics in Frameworks */ = {isa = PBXBuildFile; productRef = 29953C6E2F1DAF1900E5FE02 /* FirebaseCrashlytics */; };
		29953C712F1DAF1900E5FE02 /* FirebaseDatabase in Frameworks */ = {isa = PBXBuildFile; productRef = 29953C702F1DAF1900E5FE02 /* FirebaseDatabase */; };
		29953C732F1DAF1900E5FE02 /* FirebaseFirestore in Frameworks */ = {isa = PBXBuildFile; productRef = 29953C722F1DAF1900E5FE02 /* FirebaseFirestore */; };
		29953C752F1DAF1900E5FE02 /* FirebaseFirestoreCombine-Community in Frameworks */ = {isa = PBXBuildFile; productRef = 29953C742F1DAF1900E5FE02 /* FirebaseFirestoreCombine-Community */; };
		29953C772F1DAF1900E5FE02 /* FirebaseFunctions in Frameworks */ = {isa = PBXBuildFile; productRef = 29953C762F1DAF1900E5FE02 /* FirebaseFunctions */; };
		29953C792F1DAF1900E5FE02 /* FirebaseFunctionsCombine-Community in Frameworks */ = {isa = PBXBuildFile; productRef = 29953C782F1DAF1900E5FE02 /* FirebaseFunctionsCombine-Community */; };
		29953C7B2F1DAF1900E5FE02 /* FirebaseInAppMessaging-Beta in Frameworks */ = {isa = PBXBuildFile; productRef = 29953C7A2F1DAF1900E5FE02 /* FirebaseInAppMessaging-Beta */; };
		29953C7D2F1DAF1900E5FE02 /* FirebaseInstallations in Frameworks */ = {isa = PBXBuildFile; productRef = 29953C7C2F1DAF1900E5FE02 /* FirebaseInstallations */; };
		29953C7F2F1DAF1900E5FE02 /* FirebaseMLModelDownloader in Frameworks */ = {isa = PBXBuildFile; productRef = 29953C7E2F1DAF1900E5FE02 /* FirebaseMLModelDownloader */; };
		29953C812F1DAF1900E5FE02 /* FirebaseMessaging in Frameworks */ = {isa = PBXBuildFile; productRef = 29953C802F1DAF1900E5FE02 /* FirebaseMessaging */; };
		29953C832F1DAF1900E5FE02 /* FirebasePerformance in Frameworks */ = {isa = PBXBuildFile; productRef = 29953C822F1DAF1900E5FE02 /* FirebasePerformance */; };
		29953C852F1DAF1900E5FE02 /* FirebaseRemoteConfig in Frameworks */ = {isa = PBXBuildFile; productRef = 29953C842F1DAF1900E5FE02 /* FirebaseRemoteConfig */; };
		29953C872F1DAF1900E5FE02 /* FirebaseStorage in Frameworks */ = {isa = PBXBuildFile; productRef = 29953C862F1DAF1900E5FE02 /* FirebaseStorage */; };
		29953C892F1DAF1900E5FE02 /* FirebaseStorageCombine-Community in Frameworks */ = {isa = PBXBuildFile; productRef = 29953C882F1DAF1900E5FE02 /* FirebaseStorageCombine-Community */; };
		29FC169F2F182D590021AB46 /* Auth in Frameworks */ = {isa = PBXBuildFile; productRef = 29FC169E2F182D590021AB46 /* Auth */; };
		29FC16A12F182D590021AB46 /* Functions in Frameworks */ = {isa = PBXBuildFile; productRef = 29FC16A02F182D590021AB46 /* Functions */; };
		29FC16A32F182D590021AB46 /* PostgREST in Frameworks */ = {isa = PBXBuildFile; productRef = 29FC16A22F182D590021AB46 /* PostgREST */; };
		29FC16A52F182D590021AB46 /* Realtime in Frameworks */ = {isa = PBXBuildFile; productRef = 29FC16A42F182D590021AB46 /* Realtime */; };
		29FC16A72F182D590021AB46 /* Storage in Frameworks */ = {isa = PBXBuildFile; productRef = 29FC16A62F182D590021AB46 /* Storage */; };
		29FC16A92F182D590021AB46 /* Supabase in Frameworks */ = {isa = PBXBuildFile; productRef = 29FC16A82F182D590021AB46 /* Supabase */; };
/* End PBXBuildFile section */

/* Begin PBXContainerItemProxy section */
		29664C582EBC0FBF00FCE105 /* PBXContainerItemProxy */ = {
			isa = PBXContainerItemProxy;
			containerPortal = 29664C392EBC0FBE00FCE105 /* Project object */;
			proxyType = 1;
			remoteGlobalIDString = 29664C402EBC0FBE00FCE105;
			remoteInfo = "OT main";
		};
		29664C622EBC0FBF00FCE105 /* PBXContainerItemProxy */ = {
			isa = PBXContainerItemProxy;
			containerPortal = 29664C392EBC0FBE00FCE105 /* Project object */;
			proxyType = 1;
			remoteGlobalIDString = 29664C402EBC0FBE00FCE105;
			remoteInfo = "OT main";
		};
/* End PBXContainerItemProxy section */

/* Begin PBXFileReference section */
		2902AFF42ED800A000071FEE /* OT main.xcodeproj */ = {isa = PBXFileReference; lastKnownFileType = "wrapper.pb-project"; path = "OT main.xcodeproj"; sourceTree = "<group>"; };
		292A41A82EF1B9A4009C7728 /* OT main.xcodeproj */ = {isa = PBXFileReference; lastKnownFileType = "wrapper.pb-project"; path = "OT main.xcodeproj"; sourceTree = "<group>"; };
		29664C412EBC0FBE00FCE105 /* OT main.app */ = {isa = PBXFileReference; explicitFileType = wrapper.application; includeInIndex = 0; path = "OT main.app"; sourceTree = BUILT_PRODUCTS_DIR; };
		29664C572EBC0FBF00FCE105 /* OT mainTests.xctest */ = {isa = PBXFileReference; explicitFileType = wrapper.cfbundle; includeInIndex = 0; path = "OT mainTests.xctest"; sourceTree = BUILT_PRODUCTS_DIR; };
		29664C612EBC0FBF00FCE105 /* OT mainUITests.xctest */ = {isa = PBXFileReference; explicitFileType = wrapper.cfbundle; includeInIndex = 0; path = "OT mainUITests.xctest"; sourceTree = BUILT_PRODUCTS_DIR; };
		298D87882EF0A262000301E0 /* OT main.xcodeproj */ = {isa = PBXFileReference; lastKnownFileType = "wrapper.pb-project"; path = "OT main.xcodeproj"; sourceTree = "<group>"; };
/* End PBXFileReference section */

/* Begin PBXFileSystemSynchronizedBuildFileExceptionSet section */
		297F24942F2A98010022158A /* Exceptions for "OT main" folder in "OT main" target */ = {
			isa = PBXFileSystemSynchronizedBuildFileExceptionSet;
			membershipExceptions = (
				Info.plist,
			);
			target = 29664C402EBC0FBE00FCE105 /* OT main */;
		};
/* End PBXFileSystemSynchronizedBuildFileExceptionSet section */

/* Begin PBXFileSystemSynchronizedRootGroup section */
		293F6F182F44533900A84B3C /* apple-devices-icon */ = {
			isa = PBXFileSystemSynchronizedRootGroup;
			path = "apple-devices-icon";
			sourceTree = "<group>";
		};
		29664C5A2EBC0FBF00FCE105 /* OT mainTests */ = {
			isa = PBXFileSystemSynchronizedRootGroup;
			path = "OT mainTests";
			sourceTree = "<group>";
		};
		29664C642EBC0FBF00FCE105 /* OT mainUITests */ = {
			isa = PBXFileSystemSynchronizedRootGroup;
			path = "OT mainUITests";
			sourceTree = "<group>";
		};
		29F77B572ECB01FC0069775E /* OT main */ = {
			isa = PBXFileSystemSynchronizedRootGroup;
			exceptions = (
				297F24942F2A98010022158A /* Exceptions for "OT main" folder in "OT main" target */,
			);
			path = "OT main";
			sourceTree = "<group>";
		};
/* End PBXFileSystemSynchronizedRootGroup section */

/* Begin PBXFrameworksBuildPhase section */
		29664C3E2EBC0FBE00FCE105 /* Frameworks */ = {
			isa = PBXFrameworksBuildPhase;
			buildActionMask = 2147483647;
			files = (
				29953C5D2F1DAF1900E5FE02 /* FirebaseAILogic in Frameworks */,
				29953C5B2F1DAF1900E5FE02 /* FirebaseAI in Frameworks */,
				29953C832F1DAF1900E5FE02 /* FirebasePerformance in Frameworks */,
				29953C852F1DAF1900E5FE02 /* FirebaseRemoteConfig in Frameworks */,
				29FC16A32F182D590021AB46 /* PostgREST in Frameworks */,
				29953C7D2F1DAF1900E5FE02 /* FirebaseInstallations in Frameworks */,
				29953C672F1DAF1900E5FE02 /* FirebaseAppDistribution-Beta in Frameworks */,
				29953C732F1DAF1900E5FE02 /* FirebaseFirestore in Frameworks */,
				29953C6B2F1DAF1900E5FE02 /* FirebaseAuthCombine-Community in Frameworks */,
				29953C7F2F1DAF1900E5FE02 /* FirebaseMLModelDownloader in Frameworks */,
				29953C812F1DAF1900E5FE02 /* FirebaseMessaging in Frameworks */,
				29953C872F1DAF1900E5FE02 /* FirebaseStorage in Frameworks */,
				29FC16A12F182D590021AB46 /* Functions in Frameworks */,
				29953C712F1DAF1900E5FE02 /* FirebaseDatabase in Frameworks */,
				293BFA702F345EEF00397892 /* SDWebImageMapKit in Frameworks */,
				29953C6D2F1DAF1900E5FE02 /* FirebaseCore in Frameworks */,
				29953C792F1DAF1900E5FE02 /* FirebaseFunctionsCombine-Community in Frameworks */,
				29953C7B2F1DAF1900E5FE02 /* FirebaseInAppMessaging-Beta in Frameworks */,
				29953C692F1DAF1900E5FE02 /* FirebaseAuth in Frameworks */,
				29953C652F1DAF1900E5FE02 /* FirebaseAppCheck in Frameworks */,
				29FC16A92F182D590021AB46 /* Supabase in Frameworks */,
				29FC169F2F182D590021AB46 /* Auth in Frameworks */,
				29953C752F1DAF1900E5FE02 /* FirebaseFirestoreCombine-Community in Frameworks */,
				29953C892F1DAF1900E5FE02 /* FirebaseStorageCombine-Community in Frameworks */,
				293BFA6E2F345EEF00397892 /* SDWebImage in Frameworks */,
				29FC16A72F182D590021AB46 /* Storage in Frameworks */,
				29953C772F1DAF1900E5FE02 /* FirebaseFunctions in Frameworks */,
				29953C612F1DAF1900E5FE02 /* FirebaseAnalyticsCore in Frameworks */,
				29953C6F2F1DAF1900E5FE02 /* FirebaseCrashlytics in Frameworks */,
				29953C632F1DAF1900E5FE02 /* FirebaseAnalyticsIdentitySupport in Frameworks */,
				29FC16A52F182D590021AB46 /* Realtime in Frameworks */,
				29953C5F2F1DAF1900E5FE02 /* FirebaseAnalytics in Frameworks */,
			);
			runOnlyForDeploymentPostprocessing = 0;
		};
		29664C542EBC0FBF00FCE105 /* Frameworks */ = {
			isa = PBXFrameworksBuildPhase;
			buildActionMask = 2147483647;
			files = (
			);
			runOnlyForDeploymentPostprocessing = 0;
		};
		29664C5E2EBC0FBF00FCE105 /* Frameworks */ = {
			isa = PBXFrameworksBuildPhase;
			buildActionMask = 2147483647;
			files = (
			);
			runOnlyForDeploymentPostprocessing = 0;
		};
/* End PBXFrameworksBuildPhase section */

/* Begin PBXGroup section */
		2902AFF92ED800A000071FEE /* Products */ = {
			isa = PBXGroup;
			children = (
			);
			name = Products;
			sourceTree = "<group>";
		};
		292A42022EF1B9A4009C7728 /* Products */ = {
			isa = PBXGroup;
			children = (
			);
			name = Products;
			sourceTree = "<group>";
		};
		29664C382EBC0FBE00FCE105 = {
			isa = PBXGroup;
			children = (
				293F6F182F44533900A84B3C /* apple-devices-icon */,
				29F77B572ECB01FC0069775E /* OT main */,
				29664C5A2EBC0FBF00FCE105 /* OT mainTests */,
				29664C642EBC0FBF00FCE105 /* OT mainUITests */,
				29664C422EBC0FBE00FCE105 /* Products */,
			);
			sourceTree = "<group>";
		};
		29664C422EBC0FBE00FCE105 /* Products */ = {
			isa = PBXGroup;
			children = (
				29664C412EBC0FBE00FCE105 /* OT main.app */,
				29664C572EBC0FBF00FCE105 /* OT mainTests.xctest */,
				29664C612EBC0FBF00FCE105 /* OT mainUITests.xctest */,
			);
			name = Products;
			sourceTree = "<group>";
		};
		298D87E22EF0A262000301E0 /* Products */ = {
			isa = PBXGroup;
			children = (
			);
			name = Products;
			sourceTree = "<group>";
		};
/* End PBXGroup section */

/* Begin PBXNativeTarget section */
		29664C402EBC0FBE00FCE105 /* OT main */ = {
			isa = PBXNativeTarget;
			buildConfigurationList = 29664C6A2EBC0FBF00FCE105 /* Build configuration list for PBXNativeTarget "OT main" */;
			buildPhases = (
				29664C3D2EBC0FBE00FCE105 /* Sources */,
				29664C3E2EBC0FBE00FCE105 /* Frameworks */,
				29664C3F2EBC0FBE00FCE105 /* Resources */,
			);
			buildRules = (
			);
			dependencies = (
			);
			fileSystemSynchronizedGroups = (
				293F6F182F44533900A84B3C /* apple-devices-icon */,
				29F77B572ECB01FC0069775E /* OT main */,
			);
			name = "OT main";
			packageProductDependencies = (
				29FC169E2F182D590021AB46 /* Auth */,
				29FC16A02F182D590021AB46 /* Functions */,
				29FC16A22F182D590021AB46 /* PostgREST */,
				29FC16A42F182D590021AB46 /* Realtime */,
				29FC16A62F182D590021AB46 /* Storage */,
				29FC16A82F182D590021AB46 /* Supabase */,
				29953C5A2F1DAF1900E5FE02 /* FirebaseAI */,
				29953C5C2F1DAF1900E5FE02 /* FirebaseAILogic */,
				29953C5E2F1DAF1900E5FE02 /* FirebaseAnalytics */,
				29953C602F1DAF1900E5FE02 /* FirebaseAnalyticsCore */,
				29953C622F1DAF1900E5FE02 /* FirebaseAnalyticsIdentitySupport */,
				29953C642F1DAF1900E5FE02 /* FirebaseAppCheck */,
				29953C662F1DAF1900E5FE02 /* FirebaseAppDistribution-Beta */,
				29953C682F1DAF1900E5FE02 /* FirebaseAuth */,
				29953C6A2F1DAF1900E5FE02 /* FirebaseAuthCombine-Community */,
				29953C6C2F1DAF1900E5FE02 /* FirebaseCore */,
				29953C6E2F1DAF1900E5FE02 /* FirebaseCrashlytics */,
				29953C702F1DAF1900E5FE02 /* FirebaseDatabase */,
				29953C722F1DAF1900E5FE02 /* FirebaseFirestore */,
				29953C742F1DAF1900E5FE02 /* FirebaseFirestoreCombine-Community */,
				29953C762F1DAF1900E5FE02 /* FirebaseFunctions */,
				29953C782F1DAF1900E5FE02 /* FirebaseFunctionsCombine-Community */,
				29953C7A2F1DAF1900E5FE02 /* FirebaseInAppMessaging-Beta */,
				29953C7C2F1DAF1900E5FE02 /* FirebaseInstallations */,
				29953C7E2F1DAF1900E5FE02 /* FirebaseMLModelDownloader */,
				29953C802F1DAF1900E5FE02 /* FirebaseMessaging */,
				29953C822F1DAF1900E5FE02 /* FirebasePerformance */,
				29953C842F1DAF1900E5FE02 /* FirebaseRemoteConfig */,
				29953C862F1DAF1900E5FE02 /* FirebaseStorage */,
				29953C882F1DAF1900E5FE02 /* FirebaseStorageCombine-Community */,
				293BFA6D2F345EEF00397892 /* SDWebImage */,
				293BFA6F2F345EEF00397892 /* SDWebImageMapKit */,
			);
			productName = "OT main";
			productReference = 29664C412EBC0FBE00FCE105 /* OT main.app */;
			productType = "com.apple.product-type.application";
		};
		29664C562EBC0FBF00FCE105 /* OT mainTests */ = {
			isa = PBXNativeTarget;
			buildConfigurationList = 29664C6F2EBC0FBF00FCE105 /* Build configuration list for PBXNativeTarget "OT mainTests" */;
			buildPhases = (
				29664C532EBC0FBF00FCE105 /* Sources */,
				29664C542EBC0FBF00FCE105 /* Frameworks */,
				29664C552EBC0FBF00FCE105 /* Resources */,
			);
			buildRules = (
			);
			dependencies = (
				29664C592EBC0FBF00FCE105 /* PBXTargetDependency */,
			);
			fileSystemSynchronizedGroups = (
				29664C5A2EBC0FBF00FCE105 /* OT mainTests */,
			);
			name = "OT mainTests";
			packageProductDependencies = (
			);
			productName = "OT mainTests";
			productReference = 29664C572EBC0FBF00FCE105 /* OT mainTests.xctest */;
			productType = "com.apple.product-type.bundle.unit-test";
		};
		29664C602EBC0FBF00FCE105 /* OT mainUITests */ = {
			isa = PBXNativeTarget;
			buildConfigurationList = 29664C722EBC0FBF00FCE105 /* Build configuration list for PBXNativeTarget "OT mainUITests" */;
			buildPhases = (
				29664C5D2EBC0FBF00FCE105 /* Sources */,
				29664C5E2EBC0FBF00FCE105 /* Frameworks */,
				29664C5F2EBC0FBF00FCE105 /* Resources */,
			);
			buildRules = (
			);
			dependencies = (
				29664C632EBC0FBF00FCE105 /* PBXTargetDependency */,
			);
			fileSystemSynchronizedGroups = (
				29664C642EBC0FBF00FCE105 /* OT mainUITests */,
			);
			name = "OT mainUITests";
			packageProductDependencies = (
			);
			productName = "OT mainUITests";
			productReference = 29664C612EBC0FBF00FCE105 /* OT mainUITests.xctest */;
			productType = "com.apple.product-type.bundle.ui-testing";
		};
/* End PBXNativeTarget section */

/* Begin PBXProject section */
		29664C392EBC0FBE00FCE105 /* Project object */ = {
			isa = PBXProject;
			attributes = {
				BuildIndependentTargetsInParallel = 1;
				LastSwiftUpdateCheck = 2610;
				LastUpgradeCheck = 2610;
				TargetAttributes = {
					29664C402EBC0FBE00FCE105 = {
						CreatedOnToolsVersion = 26.1;
					};
					29664C562EBC0FBF00FCE105 = {
						CreatedOnToolsVersion = 26.1;
						TestTargetID = 29664C402EBC0FBE00FCE105;
					};
					29664C602EBC0FBF00FCE105 = {
						CreatedOnToolsVersion = 26.1;
						TestTargetID = 29664C402EBC0FBE00FCE105;
					};
				};
			};
			buildConfigurationList = 29664C3C2EBC0FBE00FCE105 /* Build configuration list for PBXProject "OT main" */;
			developmentRegion = en;
			hasScannedForEncodings = 0;
			knownRegions = (
				en,
				Base,
			);
			mainGroup = 29664C382EBC0FBE00FCE105;
			minimizedProjectReferenceProxies = 1;
			packageReferences = (
				29FC169D2F182D590021AB46 /* XCRemoteSwiftPackageReference "supabase-swift" */,
				29953C592F1DAF1900E5FE02 /* XCRemoteSwiftPackageReference "firebase-ios-sdk" */,
				293BFA6C2F345EEF00397892 /* XCRemoteSwiftPackageReference "SDWebImage" */,
			);
			preferredProjectObjectVersion = 77;
			productRefGroup = 29664C422EBC0FBE00FCE105 /* Products */;
			projectDirPath = "";
			projectReferences = (
				{
					ProductGroup = 298D87E22EF0A262000301E0 /* Products */;
					ProjectRef = 298D87882EF0A262000301E0 /* OT main.xcodeproj */;
				},
				{
					ProductGroup = 2902AFF92ED800A000071FEE /* Products */;
					ProjectRef = 2902AFF42ED800A000071FEE /* OT main.xcodeproj */;
				},
				{
					ProductGroup = 292A42022EF1B9A4009C7728 /* Products */;
					ProjectRef = 292A41A82EF1B9A4009C7728 /* OT main.xcodeproj */;
				},
			);
			projectRoot = "";
			targets = (
				29664C402EBC0FBE00FCE105 /* OT main */,
				29664C562EBC0FBF00FCE105 /* OT mainTests */,
				29664C602EBC0FBF00FCE105 /* OT mainUITests */,
			);
		};
/* End PBXProject section */

/* Begin PBXResourcesBuildPhase section */
		29664C3F2EBC0FBE00FCE105 /* Resources */ = {
			isa = PBXResourcesBuildPhase;
			buildActionMask = 2147483647;
			files = (
			);
			runOnlyForDeploymentPostprocessing = 0;
		};
		29664C552EBC0FBF00FCE105 /* Resources */ = {
			isa = PBXResourcesBuildPhase;
			buildActionMask = 2147483647;
			files = (
			);
			runOnlyForDeploymentPostprocessing = 0;
		};
		29664C5F2EBC0FBF00FCE105 /* Resources */ = {
			isa = PBXResourcesBuildPhase;
			buildActionMask = 2147483647;
			files = (
			);
			runOnlyForDeploymentPostprocessing = 0;
		};
/* End PBXResourcesBuildPhase section */

/* Begin PBXSourcesBuildPhase section */
		29664C3D2EBC0FBE00FCE105 /* Sources */ = {
			isa = PBXSourcesBuildPhase;
			buildActionMask = 2147483647;
			files = (
			);
			runOnlyForDeploymentPostprocessing = 0;
		};
		29664C532EBC0FBF00FCE105 /* Sources */ = {
			isa = PBXSourcesBuildPhase;
			buildActionMask = 2147483647;
			files = (
			);
			runOnlyForDeploymentPostprocessing = 0;
		};
		29664C5D2EBC0FBF00FCE105 /* Sources */ = {
			isa = PBXSourcesBuildPhase;
			buildActionMask = 2147483647;
			files = (
			);
			runOnlyForDeploymentPostprocessing = 0;
		};
/* End PBXSourcesBuildPhase section */

/* Begin PBXTargetDependency section */
		29664C592EBC0FBF00FCE105 /* PBXTargetDependency */ = {
			isa = PBXTargetDependency;
			target = 29664C402EBC0FBE00FCE105 /* OT main */;
			targetProxy = 29664C582EBC0FBF00FCE105 /* PBXContainerItemProxy */;
		};
		29664C632EBC0FBF00FCE105 /* PBXTargetDependency */ = {
			isa = PBXTargetDependency;
			target = 29664C402EBC0FBE00FCE105 /* OT main */;
			targetProxy = 29664C622EBC0FBF00FCE105 /* PBXContainerItemProxy */;
		};
/* End PBXTargetDependency section */

/* Begin XCBuildConfiguration section */
		29664C6B2EBC0FBF00FCE105 /* Debug */ = {
			isa = XCBuildConfiguration;
			buildSettings = {
				ASSETCATALOG_COMPILER_APPICON_NAME = AppIcon;
				ASSETCATALOG_COMPILER_GLOBAL_ACCENT_COLOR_NAME = AccentColor;
				ASSETCATALOG_COMPILER_INCLUDE_ALL_APPICON_ASSETS = YES;
				CODE_SIGN_STYLE = Automatic;
				CURRENT_PROJECT_VERSION = 1;
				DEVELOPMENT_TEAM = 9Q2N5ARNGB;
				GENERATE_INFOPLIST_FILE = YES;
				INFOPLIST_FILE = "OT main/Info.plist";
				INFOPLIST_KEY_CFBundleDisplayName = TheraSync;
				INFOPLIST_KEY_LSApplicationCategoryType = "public.app-category.medical";
				INFOPLIST_KEY_NSFaceIDUsageDescription = "use FaceID to secure parental settings";
				INFOPLIST_KEY_UIApplicationSupportsIndirectInputEvents = YES;
				INFOPLIST_KEY_UILaunchStoryboardName = LaunchScreen.storyboard;
				INFOPLIST_KEY_UIMainStoryboardFile = Main;
				INFOPLIST_KEY_UISupportedInterfaceOrientations = UIInterfaceOrientationPortrait;
				INFOPLIST_KEY_UISupportedInterfaceOrientations_iPad = "UIInterfaceOrientationLandscapeLeft UIInterfaceOrientationLandscapeRight UIInterfaceOrientationPortrait UIInterfaceOrientationPortraitUpsideDown";
				IPHONEOS_DEPLOYMENT_TARGET = 26.0;
				LD_RUNPATH_SEARCH_PATHS = (
					"$(inherited)",
					"@executable_path/Frameworks",
				);
				MARKETING_VERSION = 1.0;
				PRODUCT_BUNDLE_IDENTIFIER = com.srmist.therasync;
				PRODUCT_NAME = "$(TARGET_NAME)";
				STRING_CATALOG_GENERATE_SYMBOLS = YES;
				SUPPORTED_PLATFORMS = "iphoneos iphonesimulator";
				SUPPORTS_MACCATALYST = NO;
				SUPPORTS_MAC_DESIGNED_FOR_IPHONE_IPAD = NO;
				SUPPORTS_XR_DESIGNED_FOR_IPHONE_IPAD = NO;
				SWIFT_APPROACHABLE_CONCURRENCY = YES;
				SWIFT_DEFAULT_ACTOR_ISOLATION = MainActor;
				SWIFT_EMIT_LOC_STRINGS = YES;
				SWIFT_UPCOMING_FEATURE_MEMBER_IMPORT_VISIBILITY = YES;
				SWIFT_VERSION = 5.0;
				TARGETED_DEVICE_FAMILY = 1;
			};
			name = Debug;
		};
		29664C6C2EBC0FBF00FCE105 /* Release */ = {
			isa = XCBuildConfiguration;
			buildSettings = {
				ASSETCATALOG_COMPILER_APPICON_NAME = AppIcon;
				ASSETCATALOG_COMPILER_GLOBAL_ACCENT_COLOR_NAME = AccentColor;
				ASSETCATALOG_COMPILER_INCLUDE_ALL_APPICON_ASSETS = YES;
				CODE_SIGN_STYLE = Automatic;
				CURRENT_PROJECT_VERSION = 1;
				DEVELOPMENT_TEAM = 9Q2N5ARNGB;
				GENERATE_INFOPLIST_FILE = YES;
				INFOPLIST_FILE = "OT main/Info.plist";
				INFOPLIST_KEY_CFBundleDisplayName = TheraSync;
				INFOPLIST_KEY_LSApplicationCategoryType = "public.app-category.medical";
				INFOPLIST_KEY_NSFaceIDUsageDescription = "use FaceID to secure parental settings";
				INFOPLIST_KEY_UIApplicationSupportsIndirectInputEvents = YES;
				INFOPLIST_KEY_UILaunchStoryboardName = LaunchScreen.storyboard;
				INFOPLIST_KEY_UIMainStoryboardFile = Main;
				INFOPLIST_KEY_UISupportedInterfaceOrientations = UIInterfaceOrientationPortrait;
				INFOPLIST_KEY_UISupportedInterfaceOrientations_iPad = "UIInterfaceOrientationLandscapeLeft UIInterfaceOrientationLandscapeRight UIInterfaceOrientationPortrait UIInterfaceOrientationPortraitUpsideDown";
				IPHONEOS_DEPLOYMENT_TARGET = 26.0;
				LD_RUNPATH_SEARCH_PATHS = (
					"$(inherited)",
					"@executable_path/Frameworks",
				);
				MARKETING_VERSION = 1.0;
				PRODUCT_BUNDLE_IDENTIFIER = com.srmist.therasync;
				PRODUCT_NAME = "$(TARGET_NAME)";
				STRING_CATALOG_GENERATE_SYMBOLS = YES;
				SUPPORTED_PLATFORMS = "iphoneos iphonesimulator";
				SUPPORTS_MACCATALYST = NO;
				SUPPORTS_MAC_DESIGNED_FOR_IPHONE_IPAD = NO;
				SUPPORTS_XR_DESIGNED_FOR_IPHONE_IPAD = NO;
				SWIFT_APPROACHABLE_CONCURRENCY = YES;
				SWIFT_DEFAULT_ACTOR_ISOLATION = MainActor;
				SWIFT_EMIT_LOC_STRINGS = YES;
				SWIFT_UPCOMING_FEATURE_MEMBER_IMPORT_VISIBILITY = YES;
				SWIFT_VERSION = 5.0;
				TARGETED_DEVICE_FAMILY = 1;
			};
			name = Release;
		};
		29664C6D2EBC0FBF00FCE105 /* Debug */ = {
			isa = XCBuildConfiguration;
			buildSettings = {
				ALWAYS_SEARCH_USER_PATHS = NO;
				ASSETCATALOG_COMPILER_GENERATE_SWIFT_ASSET_SYMBOL_EXTENSIONS = YES;
				CLANG_ANALYZER_NONNULL = YES;
				CLANG_ANALYZER_NUMBER_OBJECT_CONVERSION = YES_AGGRESSIVE;
				CLANG_CXX_LANGUAGE_STANDARD = "gnu++20";
				CLANG_ENABLE_MODULES = YES;
				CLANG_ENABLE_OBJC_ARC = YES;
				CLANG_ENABLE_OBJC_WEAK = YES;
				CLANG_WARN_BLOCK_CAPTURE_AUTORELEASING = YES;
				CLANG_WARN_BOOL_CONVERSION = YES;
				CLANG_WARN_COMMA = YES;
				CLANG_WARN_CONSTANT_CONVERSION = YES;
				CLANG_WARN_DEPRECATED_OBJC_IMPLEMENTATIONS = YES;
				CLANG_WARN_DIRECT_OBJC_ISA_USAGE = YES_ERROR;
				CLANG_WARN_DOCUMENTATION_COMMENTS = YES;
				CLANG_WARN_EMPTY_BODY = YES;
				CLANG_WARN_ENUM_CONVERSION = YES;
				CLANG_WARN_INFINITE_RECURSION = YES;
				CLANG_WARN_INT_CONVERSION = YES;
				CLANG_WARN_NON_LITERAL_NULL_CONVERSION = YES;
				CLANG_WARN_OBJC_IMPLICIT_RETAIN_SELF = YES;
				CLANG_WARN_OBJC_LITERAL_CONVERSION = YES;
				CLANG_WARN_OBJC_ROOT_CLASS = YES_ERROR;
				CLANG_WARN_QUOTED_INCLUDE_IN_FRAMEWORK_HEADER = YES;
				CLANG_WARN_RANGE_LOOP_ANALYSIS = YES;
				CLANG_WARN_STRICT_PROTOTYPES = YES;
				CLANG_WARN_SUSPICIOUS_MOVE = YES;
				CLANG_WARN_UNGUARDED_AVAILABILITY = YES_AGGRESSIVE;
				CLANG_WARN_UNREACHABLE_CODE = YES;
				CLANG_WARN__DUPLICATE_METHOD_MATCH = YES;
				COPY_PHASE_STRIP = NO;
				DEBUG_INFORMATION_FORMAT = dwarf;
				DEVELOPMENT_TEAM = 9Q2N5ARNGB;
				ENABLE_STRICT_OBJC_MSGSEND = YES;
				ENABLE_TESTABILITY = YES;
				ENABLE_USER_SCRIPT_SANDBOXING = YES;
				GCC_C_LANGUAGE_STANDARD = gnu17;
				GCC_DYNAMIC_NO_PIC = NO;
				GCC_NO_COMMON_BLOCKS = YES;
				GCC_OPTIMIZATION_LEVEL = 0;
				GCC_PREPROCESSOR_DEFINITIONS = (
					"DEBUG=1",
					"$(inherited)",
				);
				GCC_WARN_64_TO_32_BIT_CONVERSION = YES;
				GCC_WARN_ABOUT_RETURN_TYPE = YES_ERROR;
				GCC_WARN_UNDECLARED_SELECTOR = YES;
				GCC_WARN_UNINITIALIZED_AUTOS = YES_AGGRESSIVE;
				GCC_WARN_UNUSED_FUNCTION = YES;
				GCC_WARN_UNUSED_VARIABLE = YES;
				IPHONEOS_DEPLOYMENT_TARGET = 26.1;
				LOCALIZATION_PREFERS_STRING_CATALOGS = YES;
				MTL_ENABLE_DEBUG_INFO = INCLUDE_SOURCE;
				MTL_FAST_MATH = YES;
				ONLY_ACTIVE_ARCH = YES;
				SDKROOT = iphoneos;
				SWIFT_ACTIVE_COMPILATION_CONDITIONS = "DEBUG $(inherited)";
				SWIFT_OPTIMIZATION_LEVEL = "-Onone";
			};
			name = Debug;
		};
		29664C6E2EBC0FBF00FCE105 /* Release */ = {
			isa = XCBuildConfiguration;
			buildSettings = {
				ALWAYS_SEARCH_USER_PATHS = NO;
				ASSETCATALOG_COMPILER_GENERATE_SWIFT_ASSET_SYMBOL_EXTENSIONS = YES;
				CLANG_ANALYZER_NONNULL = YES;
				CLANG_ANALYZER_NUMBER_OBJECT_CONVERSION = YES_AGGRESSIVE;
				CLANG_CXX_LANGUAGE_STANDARD = "gnu++20";
				CLANG_ENABLE_MODULES = YES;
				CLANG_ENABLE_OBJC_ARC = YES;
				CLANG_ENABLE_OBJC_WEAK = YES;
				CLANG_WARN_BLOCK_CAPTURE_AUTORELEASING = YES;
				CLANG_WARN_BOOL_CONVERSION = YES;
				CLANG_WARN_COMMA = YES;
				CLANG_WARN_CONSTANT_CONVERSION = YES;
				CLANG_WARN_DEPRECATED_OBJC_IMPLEMENTATIONS = YES;
				CLANG_WARN_DIRECT_OBJC_ISA_USAGE = YES_ERROR;
				CLANG_WARN_DOCUMENTATION_COMMENTS = YES;
				CLANG_WARN_EMPTY_BODY = YES;
				CLANG_WARN_ENUM_CONVERSION = YES;
				CLANG_WARN_INFINITE_RECURSION = YES;
				CLANG_WARN_INT_CONVERSION = YES;
				CLANG_WARN_NON_LITERAL_NULL_CONVERSION = YES;
				CLANG_WARN_OBJC_IMPLICIT_RETAIN_SELF = YES;
				CLANG_WARN_OBJC_LITERAL_CONVERSION = YES;
				CLANG_WARN_OBJC_ROOT_CLASS = YES_ERROR;
				CLANG_WARN_QUOTED_INCLUDE_IN_FRAMEWORK_HEADER = YES;
				CLANG_WARN_RANGE_LOOP_ANALYSIS = YES;
				CLANG_WARN_STRICT_PROTOTYPES = YES;
				CLANG_WARN_SUSPICIOUS_MOVE = YES;
				CLANG_WARN_UNGUARDED_AVAILABILITY = YES_AGGRESSIVE;
				CLANG_WARN_UNREACHABLE_CODE = YES;
				CLANG_WARN__DUPLICATE_METHOD_MATCH = YES;
				COPY_PHASE_STRIP = NO;
				DEBUG_INFORMATION_FORMAT = "dwarf-with-dsym";
				DEVELOPMENT_TEAM = 9Q2N5ARNGB;
				ENABLE_NS_ASSERTIONS = NO;
				ENABLE_STRICT_OBJC_MSGSEND = YES;
				ENABLE_USER_SCRIPT_SANDBOXING = YES;
				GCC_C_LANGUAGE_STANDARD = gnu17;
				GCC_NO_COMMON_BLOCKS = YES;
				GCC_WARN_64_TO_32_BIT_CONVERSION = YES;
				GCC_WARN_ABOUT_RETURN_TYPE = YES_ERROR;
				GCC_WARN_UNDECLARED_SELECTOR = YES;
				GCC_WARN_UNINITIALIZED_AUTOS = YES_AGGRESSIVE;
				GCC_WARN_UNUSED_FUNCTION = YES;
				GCC_WARN_UNUSED_VARIABLE = YES;
				IPHONEOS_DEPLOYMENT_TARGET = 26.1;
				LOCALIZATION_PREFERS_STRING_CATALOGS = YES;
				MTL_ENABLE_DEBUG_INFO = NO;
				MTL_FAST_MATH = YES;
				SDKROOT = iphoneos;
				SWIFT_COMPILATION_MODE = wholemodule;
				VALIDATE_PRODUCT = YES;
			};
			name = Release;
		};
		29664C702EBC0FBF00FCE105 /* Debug */ = {
			isa = XCBuildConfiguration;
			buildSettings = {
				BUNDLE_LOADER = "$(TEST_HOST)";
				CODE_SIGN_STYLE = Automatic;
				CURRENT_PROJECT_VERSION = 1;
				DEVELOPMENT_TEAM = 9Q2N5ARNGB;
				GENERATE_INFOPLIST_FILE = YES;
				IPHONEOS_DEPLOYMENT_TARGET = 26.1;
				MARKETING_VERSION = 1.0;
				PRODUCT_BUNDLE_IDENTIFIER = "com.example.OT-mainTests";
				PRODUCT_NAME = "$(TARGET_NAME)";
				STRING_CATALOG_GENERATE_SYMBOLS = NO;
				SWIFT_APPROACHABLE_CONCURRENCY = YES;
				SWIFT_EMIT_LOC_STRINGS = NO;
				SWIFT_UPCOMING_FEATURE_MEMBER_IMPORT_VISIBILITY = YES;
				SWIFT_VERSION = 5.0;
				TARGETED_DEVICE_FAMILY = "1,2";
				TEST_HOST = "$(BUILT_PRODUCTS_DIR)/OT main.app/$(BUNDLE_EXECUTABLE_FOLDER_PATH)/OT main";
			};
			name = Debug;
		};
		29664C712EBC0FBF00FCE105 /* Release */ = {
			isa = XCBuildConfiguration;
			buildSettings = {
				BUNDLE_LOADER = "$(TEST_HOST)";
				CODE_SIGN_STYLE = Automatic;
				CURRENT_PROJECT_VERSION = 1;
				DEVELOPMENT_TEAM = 9Q2N5ARNGB;
				GENERATE_INFOPLIST_FILE = YES;
				IPHONEOS_DEPLOYMENT_TARGET = 26.1;
				MARKETING_VERSION = 1.0;
				PRODUCT_BUNDLE_IDENTIFIER = "com.example.OT-mainTests";
				PRODUCT_NAME = "$(TARGET_NAME)";
				STRING_CATALOG_GENERATE_SYMBOLS = NO;
				SWIFT_APPROACHABLE_CONCURRENCY = YES;
				SWIFT_EMIT_LOC_STRINGS = NO;
				SWIFT_UPCOMING_FEATURE_MEMBER_IMPORT_VISIBILITY = YES;
				SWIFT_VERSION = 5.0;
				TARGETED_DEVICE_FAMILY = "1,2";
				TEST_HOST = "$(BUILT_PRODUCTS_DIR)/OT main.app/$(BUNDLE_EXECUTABLE_FOLDER_PATH)/OT main";
			};
			name = Release;
		};
		29664C732EBC0FBF00FCE105 /* Debug */ = {
			isa = XCBuildConfiguration;
			buildSettings = {
				CODE_SIGN_STYLE = Automatic;
				CURRENT_PROJECT_VERSION = 1;
				DEVELOPMENT_TEAM = 9Q2N5ARNGB;
				GENERATE_INFOPLIST_FILE = YES;
				MARKETING_VERSION = 1.0;
				PRODUCT_BUNDLE_IDENTIFIER = "com.example.OT-mainUITests";
				PRODUCT_NAME = "$(TARGET_NAME)";
				STRING_CATALOG_GENERATE_SYMBOLS = NO;
				SWIFT_APPROACHABLE_CONCURRENCY = YES;
				SWIFT_EMIT_LOC_STRINGS = NO;
				SWIFT_UPCOMING_FEATURE_MEMBER_IMPORT_VISIBILITY = YES;
				SWIFT_VERSION = 5.0;
				TARGETED_DEVICE_FAMILY = "1,2";
				TEST_TARGET_NAME = "OT main";
			};
			name = Debug;
		};
		29664C742EBC0FBF00FCE105 /* Release */ = {
			isa = XCBuildConfiguration;
			buildSettings = {
				CODE_SIGN_STYLE = Automatic;
				CURRENT_PROJECT_VERSION = 1;
				DEVELOPMENT_TEAM = 9Q2N5ARNGB;
				GENERATE_INFOPLIST_FILE = YES;
				MARKETING_VERSION = 1.0;
				PRODUCT_BUNDLE_IDENTIFIER = "com.example.OT-mainUITests";
				PRODUCT_NAME = "$(TARGET_NAME)";
				STRING_CATALOG_GENERATE_SYMBOLS = NO;
				SWIFT_APPROACHABLE_CONCURRENCY = YES;
				SWIFT_EMIT_LOC_STRINGS = NO;
				SWIFT_UPCOMING_FEATURE_MEMBER_IMPORT_VISIBILITY = YES;
				SWIFT_VERSION = 5.0;
				TARGETED_DEVICE_FAMILY = "1,2";
				TEST_TARGET_NAME = "OT main";
			};
			name = Release;
		};
/* End XCBuildConfiguration section */

/* Begin XCConfigurationList section */
		29664C3C2EBC0FBE00FCE105 /* Build configuration list for PBXProject "OT main" */ = {
			isa = XCConfigurationList;
			buildConfigurations = (
				29664C6D2EBC0FBF00FCE105 /* Debug */,
				29664C6E2EBC0FBF00FCE105 /* Release */,
			);
			defaultConfigurationIsVisible = 0;
			defaultConfigurationName = Release;
		};
		29664C6A2EBC0FBF00FCE105 /* Build configuration list for PBXNativeTarget "OT main" */ = {
			isa = XCConfigurationList;
			buildConfigurations = (
				29664C6B2EBC0FBF00FCE105 /* Debug */,
				29664C6C2EBC0FBF00FCE105 /* Release */,
			);
			defaultConfigurationIsVisible = 0;
			defaultConfigurationName = Release;
		};
		29664C6F2EBC0FBF00FCE105 /* Build configuration list for PBXNativeTarget "OT mainTests" */ = {
			isa = XCConfigurationList;
			buildConfigurations = (
				29664C702EBC0FBF00FCE105 /* Debug */,
				29664C712EBC0FBF00FCE105 /* Release */,
			);
			defaultConfigurationIsVisible = 0;
			defaultConfigurationName = Release;
		};
		29664C722EBC0FBF00FCE105 /* Build configuration list for PBXNativeTarget "OT mainUITests" */ = {
			isa = XCConfigurationList;
			buildConfigurations = (
				29664C732EBC0FBF00FCE105 /* Debug */,
				29664C742EBC0FBF00FCE105 /* Release */,
			);
			defaultConfigurationIsVisible = 0;
			defaultConfigurationName = Release;
		};
/* End XCConfigurationList section */

/* Begin XCRemoteSwiftPackageReference section */
		293BFA6C2F345EEF00397892 /* XCRemoteSwiftPackageReference "SDWebImage" */ = {
			isa = XCRemoteSwiftPackageReference;
			repositoryURL = "https://github.com/SDWebImage/SDWebImage.git";
			requirement = {
				kind = upToNextMajorVersion;
				minimumVersion = 5.21.5;
			};
		};
		29953C592F1DAF1900E5FE02 /* XCRemoteSwiftPackageReference "firebase-ios-sdk" */ = {
			isa = XCRemoteSwiftPackageReference;
			repositoryURL = "https://github.com/firebase/firebase-ios-sdk";
			requirement = {
				kind = versionRange;
				maximumVersion = 13.0.0;
				minimumVersion = 12.8.0;
			};
		};
		29FC169D2F182D590021AB46 /* XCRemoteSwiftPackageReference "supabase-swift" */ = {
			isa = XCRemoteSwiftPackageReference;
			repositoryURL = "https://github.com/supabase-community/supabase-swift";
			requirement = {
				kind = versionRange;
				maximumVersion = 3.0.0;
				minimumVersion = 2.5.1;
			};
		};
/* End XCRemoteSwiftPackageReference section */

/* Begin XCSwiftPackageProductDependency section */
		293BFA6D2F345EEF00397892 /* SDWebImage */ = {
			isa = XCSwiftPackageProductDependency;
			package = 293BFA6C2F345EEF00397892 /* XCRemoteSwiftPackageReference "SDWebImage" */;
			productName = SDWebImage;
		};
		293BFA6F2F345EEF00397892 /* SDWebImageMapKit */ = {
			isa = XCSwiftPackageProductDependency;
			package = 293BFA6C2F345EEF00397892 /* XCRemoteSwiftPackageReference "SDWebImage" */;
			productName = SDWebImageMapKit;
		};
		29953C5A2F1DAF1900E5FE02 /* FirebaseAI */ = {
			isa = XCSwiftPackageProductDependency;
			package = 29953C592F1DAF1900E5FE02 /* XCRemoteSwiftPackageReference "firebase-ios-sdk" */;
			productName = FirebaseAI;
		};
		29953C5C2F1DAF1900E5FE02 /* FirebaseAILogic */ = {
			isa = XCSwiftPackageProductDependency;
			package = 29953C592F1DAF1900E5FE02 /* XCRemoteSwiftPackageReference "firebase-ios-sdk" */;
			productName = FirebaseAILogic;
		};
		29953C5E2F1DAF1900E5FE02 /* FirebaseAnalytics */ = {
			isa = XCSwiftPackageProductDependency;
			package = 29953C592F1DAF1900E5FE02 /* XCRemoteSwiftPackageReference "firebase-ios-sdk" */;
			productName = FirebaseAnalytics;
		};
		29953C602F1DAF1900E5FE02 /* FirebaseAnalyticsCore */ = {
			isa = XCSwiftPackageProductDependency;
			package = 29953C592F1DAF1900E5FE02 /* XCRemoteSwiftPackageReference "firebase-ios-sdk" */;
			productName = FirebaseAnalyticsCore;
		};
		29953C622F1DAF1900E5FE02 /* FirebaseAnalyticsIdentitySupport */ = {
			isa = XCSwiftPackageProductDependency;
			package = 29953C592F1DAF1900E5FE02 /* XCRemoteSwiftPackageReference "firebase-ios-sdk" */;
			productName = FirebaseAnalyticsIdentitySupport;
		};
		29953C642F1DAF1900E5FE02 /* FirebaseAppCheck */ = {
			isa = XCSwiftPackageProductDependency;
			package = 29953C592F1DAF1900E5FE02 /* XCRemoteSwiftPackageReference "firebase-ios-sdk" */;
			productName = FirebaseAppCheck;
		};
		29953C662F1DAF1900E5FE02 /* FirebaseAppDistribution-Beta */ = {
			isa = XCSwiftPackageProductDependency;
			package = 29953C592F1DAF1900E5FE02 /* XCRemoteSwiftPackageReference "firebase-ios-sdk" */;
			productName = "FirebaseAppDistribution-Beta";
		};
		29953C682F1DAF1900E5FE02 /* FirebaseAuth */ = {
			isa = XCSwiftPackageProductDependency;
			package = 29953C592F1DAF1900E5FE02 /* XCRemoteSwiftPackageReference "firebase-ios-sdk" */;
			productName = FirebaseAuth;
		};
		29953C6A2F1DAF1900E5FE02 /* FirebaseAuthCombine-Community */ = {
			isa = XCSwiftPackageProductDependency;
			package = 29953C592F1DAF1900E5FE02 /* XCRemoteSwiftPackageReference "firebase-ios-sdk" */;
			productName = "FirebaseAuthCombine-Community";
		};
		29953C6C2F1DAF1900E5FE02 /* FirebaseCore */ = {
			isa = XCSwiftPackageProductDependency;
			package = 29953C592F1DAF1900E5FE02 /* XCRemoteSwiftPackageReference "firebase-ios-sdk" */;
			productName = FirebaseCore;
		};
		29953C6E2F1DAF1900E5FE02 /* FirebaseCrashlytics */ = {
			isa = XCSwiftPackageProductDependency;
			package = 29953C592F1DAF1900E5FE02 /* XCRemoteSwiftPackageReference "firebase-ios-sdk" */;
			productName = FirebaseCrashlytics;
		};
		29953C702F1DAF1900E5FE02 /* FirebaseDatabase */ = {
			isa = XCSwiftPackageProductDependency;
			package = 29953C592F1DAF1900E5FE02 /* XCRemoteSwiftPackageReference "firebase-ios-sdk" */;
			productName = FirebaseDatabase;
		};
		29953C722F1DAF1900E5FE02 /* FirebaseFirestore */ = {
			isa = XCSwiftPackageProductDependency;
			package = 29953C592F1DAF1900E5FE02 /* XCRemoteSwiftPackageReference "firebase-ios-sdk" */;
			productName = FirebaseFirestore;
		};
		29953C742F1DAF1900E5FE02 /* FirebaseFirestoreCombine-Community */ = {
			isa = XCSwiftPackageProductDependency;
			package = 29953C592F1DAF1900E5FE02 /* XCRemoteSwiftPackageReference "firebase-ios-sdk" */;
			productName = "FirebaseFirestoreCombine-Community";
		};
		29953C762F1DAF1900E5FE02 /* FirebaseFunctions */ = {
			isa = XCSwiftPackageProductDependency;
			package = 29953C592F1DAF1900E5FE02 /* XCRemoteSwiftPackageReference "firebase-ios-sdk" */;
			productName = FirebaseFunctions;
		};
		29953C782F1DAF1900E5FE02 /* FirebaseFunctionsCombine-Community */ = {
			isa = XCSwiftPackageProductDependency;
			package = 29953C592F1DAF1900E5FE02 /* XCRemoteSwiftPackageReference "firebase-ios-sdk" */;
			productName = "FirebaseFunctionsCombine-Community";
		};
		29953C7A2F1DAF1900E5FE02 /* FirebaseInAppMessaging-Beta */ = {
			isa = XCSwiftPackageProductDependency;
			package = 29953C592F1DAF1900E5FE02 /* XCRemoteSwiftPackageReference "firebase-ios-sdk" */;
			productName = "FirebaseInAppMessaging-Beta";
		};
		29953C7C2F1DAF1900E5FE02 /* FirebaseInstallations */ = {
			isa = XCSwiftPackageProductDependency;
			package = 29953C592F1DAF1900E5FE02 /* XCRemoteSwiftPackageReference "firebase-ios-sdk" */;
			productName = FirebaseInstallations;
		};
		29953C7E2F1DAF1900E5FE02 /* FirebaseMLModelDownloader */ = {
			isa = XCSwiftPackageProductDependency;
			package = 29953C592F1DAF1900E5FE02 /* XCRemoteSwiftPackageReference "firebase-ios-sdk" */;
			productName = FirebaseMLModelDownloader;
		};
		29953C802F1DAF1900E5FE02 /* FirebaseMessaging */ = {
			isa = XCSwiftPackageProductDependency;
			package = 29953C592F1DAF1900E5FE02 /* XCRemoteSwiftPackageReference "firebase-ios-sdk" */;
			productName = FirebaseMessaging;
		};
		29953C822F1DAF1900E5FE02 /* FirebasePerformance */ = {
			isa = XCSwiftPackageProductDependency;
			package = 29953C592F1DAF1900E5FE02 /* XCRemoteSwiftPackageReference "firebase-ios-sdk" */;
			productName = FirebasePerformance;
		};
		29953C842F1DAF1900E5FE02 /* FirebaseRemoteConfig */ = {
			isa = XCSwiftPackageProductDependency;
			package = 29953C592F1DAF1900E5FE02 /* XCRemoteSwiftPackageReference "firebase-ios-sdk" */;
			productName = FirebaseRemoteConfig;
		};
		29953C862F1DAF1900E5FE02 /* FirebaseStorage */ = {
			isa = XCSwiftPackageProductDependency;
			package = 29953C592F1DAF1900E5FE02 /* XCRemoteSwiftPackageReference "firebase-ios-sdk" */;
			productName = FirebaseStorage;
		};
		29953C882F1DAF1900E5FE02 /* FirebaseStorageCombine-Community */ = {
			isa = XCSwiftPackageProductDependency;
			package = 29953C592F1DAF1900E5FE02 /* XCRemoteSwiftPackageReference "firebase-ios-sdk" */;
			productName = "FirebaseStorageCombine-Community";
		};
		29FC169E2F182D590021AB46 /* Auth */ = {
			isa = XCSwiftPackageProductDependency;
			package = 29FC169D2F182D590021AB46 /* XCRemoteSwiftPackageReference "supabase-swift" */;
			productName = Auth;
		};
		29FC16A02F182D590021AB46 /* Functions */ = {
			isa = XCSwiftPackageProductDependency;
			package = 29FC169D2F182D590021AB46 /* XCRemoteSwiftPackageReference "supabase-swift" */;
			productName = Functions;
		};
		29FC16A22F182D590021AB46 /* PostgREST */ = {
			isa = XCSwiftPackageProductDependency;
			package = 29FC169D2F182D590021AB46 /* XCRemoteSwiftPackageReference "supabase-swift" */;
			productName = PostgREST;
		};
		29FC16A42F182D590021AB46 /* Realtime */ = {
			isa = XCSwiftPackageProductDependency;
			package = 29FC169D2F182D590021AB46 /* XCRemoteSwiftPackageReference "supabase-swift" */;
			productName = Realtime;
		};
		29FC16A62F182D590021AB46 /* Storage */ = {
			isa = XCSwiftPackageProductDependency;
			package = 29FC169D2F182D590021AB46 /* XCRemoteSwiftPackageReference "supabase-swift" */;
			productName = Storage;
		};
		29FC16A82F182D590021AB46 /* Supabase */ = {
			isa = XCSwiftPackageProductDependency;
			package = 29FC169D2F182D590021AB46 /* XCRemoteSwiftPackageReference "supabase-swift" */;
			productName = Supabase;
		};
/* End XCSwiftPackageProductDependency section */
	};
	rootObject = 29664C392EBC0FBE00FCE105 /* Project object */;
}
