// !$*UTF8*$!
{
	archiveVersion = 1;
	classes = {
	};
	objectVersion = 77;
	objects = {

/* Begin PBXBuildFile section */
		53C022072F7A52CA00C91BB3 /* Auth in Frameworks */ = {isa = PBXBuildFile; productRef = 53C022062F7A52CA00C91BB3 /* Auth */; };
		53C022092F7A52CA00C91BB3 /* Functions in Frameworks */ = {isa = PBXBuildFile; productRef = 53C022082F7A52CA00C91BB3 /* Functions */; };
		53C0220B2F7A52CA00C91BB3 /* PostgREST in Frameworks */ = {isa = PBXBuildFile; productRef = 53C0220A2F7A52CA00C91BB3 /* PostgREST */; };
		53C0220D2F7A52CA00C91BB3 /* Realtime in Frameworks */ = {isa = PBXBuildFile; productRef = 53C0220C2F7A52CA00C91BB3 /* Realtime */; };
		53C0220F2F7A52CA00C91BB3 /* Storage in Frameworks */ = {isa = PBXBuildFile; productRef = 53C0220E2F7A52CA00C91BB3 /* Storage */; };
		53C022112F7A52CA00C91BB3 /* Supabase in Frameworks */ = {isa = PBXBuildFile; productRef = 53C022102F7A52CA00C91BB3 /* Supabase */; };
		53C022142F7A532A00C91BB3 /* FirebaseAI in Frameworks */ = {isa = PBXBuildFile; productRef = 53C022132F7A532A00C91BB3 /* FirebaseAI */; };
		53C022162F7A532A00C91BB3 /* FirebaseAILogic in Frameworks */ = {isa = PBXBuildFile; productRef = 53C022152F7A532A00C91BB3 /* FirebaseAILogic */; };
		53C022182F7A532A00C91BB3 /* FirebaseAnalytics in Frameworks */ = {isa = PBXBuildFile; productRef = 53C022172F7A532A00C91BB3 /* FirebaseAnalytics */; };
		53C0221A2F7A532A00C91BB3 /* FirebaseAnalyticsCore in Frameworks */ = {isa = PBXBuildFile; productRef = 53C022192F7A532A00C91BB3 /* FirebaseAnalyticsCore */; };
		53C0221C2F7A532A00C91BB3 /* FirebaseAnalyticsIdentitySupport in Frameworks */ = {isa = PBXBuildFile; productRef = 53C0221B2F7A532A00C91BB3 /* FirebaseAnalyticsIdentitySupport */; };
		53C0221E2F7A532A00C91BB3 /* FirebaseAppCheck in Frameworks */ = {isa = PBXBuildFile; productRef = 53C0221D2F7A532A00C91BB3 /* FirebaseAppCheck */; };
		53C022202F7A532A00C91BB3 /* FirebaseAppDistribution-Beta in Frameworks */ = {isa = PBXBuildFile; productRef = 53C0221F2F7A532A00C91BB3 /* FirebaseAppDistribution-Beta */; };
		53C022222F7A532A00C91BB3 /* FirebaseAuth in Frameworks */ = {isa = PBXBuildFile; productRef = 53C022212F7A532A00C91BB3 /* FirebaseAuth */; };
		53C022242F7A532A00C91BB3 /* FirebaseAuthCombine-Community in Frameworks */ = {isa = PBXBuildFile; productRef = 53C022232F7A532A00C91BB3 /* FirebaseAuthCombine-Community */; };
		53C022262F7A532A00C91BB3 /* FirebaseCore in Frameworks */ = {isa = PBXBuildFile; productRef = 53C022252F7A532A00C91BB3 /* FirebaseCore */; };
		53C022282F7A532A00C91BB3 /* FirebaseCrashlytics in Frameworks */ = {isa = PBXBuildFile; productRef = 53C022272F7A532A00C91BB3 /* FirebaseCrashlytics */; };
		53C0222A2F7A532A00C91BB3 /* FirebaseDatabase in Frameworks */ = {isa = PBXBuildFile; productRef = 53C022292F7A532A00C91BB3 /* FirebaseDatabase */; };
		53C0222C2F7A532A00C91BB3 /* FirebaseFirestore in Frameworks */ = {isa = PBXBuildFile; productRef = 53C0222B2F7A532A00C91BB3 /* FirebaseFirestore */; };
		53C0222E2F7A532A00C91BB3 /* FirebaseFirestoreCombine-Community in Frameworks */ = {isa = PBXBuildFile; productRef = 53C0222D2F7A532A00C91BB3 /* FirebaseFirestoreCombine-Community */; };
		53C022302F7A532A00C91BB3 /* FirebaseFunctions in Frameworks */ = {isa = PBXBuildFile; productRef = 53C0222F2F7A532A00C91BB3 /* FirebaseFunctions */; };
		53C022322F7A532A00C91BB3 /* FirebaseFunctionsCombine-Community in Frameworks */ = {isa = PBXBuildFile; productRef = 53C022312F7A532A00C91BB3 /* FirebaseFunctionsCombine-Community */; };
		53C022342F7A532A00C91BB3 /* FirebaseInAppMessaging-Beta in Frameworks */ = {isa = PBXBuildFile; productRef = 53C022332F7A532A00C91BB3 /* FirebaseInAppMessaging-Beta */; };
		53C022362F7A532A00C91BB3 /* FirebaseInstallations in Frameworks */ = {isa = PBXBuildFile; productRef = 53C022352F7A532A00C91BB3 /* FirebaseInstallations */; };
		53C022382F7A532A00C91BB3 /* FirebaseMLModelDownloader in Frameworks */ = {isa = PBXBuildFile; productRef = 53C022372F7A532A00C91BB3 /* FirebaseMLModelDownloader */; };
		53C0223A2F7A532A00C91BB3 /* FirebaseMessaging in Frameworks */ = {isa = PBXBuildFile; productRef = 53C022392F7A532A00C91BB3 /* FirebaseMessaging */; };
		53C0223C2F7A532A00C91BB3 /* FirebasePerformance in Frameworks */ = {isa = PBXBuildFile; productRef = 53C0223B2F7A532A00C91BB3 /* FirebasePerformance */; };
		53C0223E2F7A532A00C91BB3 /* FirebaseRemoteConfig in Frameworks */ = {isa = PBXBuildFile; productRef = 53C0223D2F7A532A00C91BB3 /* FirebaseRemoteConfig */; };
		53C022402F7A532A00C91BB3 /* FirebaseStorage in Frameworks */ = {isa = PBXBuildFile; productRef = 53C0223F2F7A532A00C91BB3 /* FirebaseStorage */; };
		53C022422F7A532A00C91BB3 /* FirebaseStorageCombine-Community in Frameworks */ = {isa = PBXBuildFile; productRef = 53C022412F7A532A00C91BB3 /* FirebaseStorageCombine-Community */; };
/* End PBXBuildFile section */

/* Begin PBXContainerItemProxy section */
		29664C582EBC0FBF00FCE105 /* PBXContainerItemProxy */ = {
			isa = PBXContainerItemProxy;
			containerPortal = 29664C392EBC0FBE00FCE105 /* Project object */;
			proxyType = 1;
			remoteGlobalIDString = 29664C402EBC0FBE00FCE105;
			remoteInfo = "OT main";
		};
		29664C622EBC0FBF00FCE105 /* PBXContainerItemProxy */ = {
			isa = PBXContainerItemProxy;
			containerPortal = 29664C392EBC0FBE00FCE105 /* Project object */;
			proxyType = 1;
			remoteGlobalIDString = 29664C402EBC0FBE00FCE105;
			remoteInfo = "OT main";
		};
/* End PBXContainerItemProxy section */

/* Begin PBXFileReference section */
		2902AEF12ED60EF100071FEE /* OT main.xcodeproj */ = {isa = PBXFileReference; lastKnownFileType = "wrapper.pb-project"; name = "OT main.xcodeproj"; path = "OT main/Login/OT main.xcodeproj"; sourceTree = SOURCE_ROOT; };
		29664C412EBC0FBE00FCE105 /* OT main.app */ = {isa = PBXFileReference; explicitFileType = wrapper.application; includeInIndex = 0; path = "OT main.app"; sourceTree = BUILT_PRODUCTS_DIR; };
		29664C572EBC0FBF00FCE105 /* OT mainTests.xctest */ = {isa = PBXFileReference; explicitFileType = wrapper.cfbundle; includeInIndex = 0; path = "OT mainTests.xctest"; sourceTree = BUILT_PRODUCTS_DIR; };
		29664C612EBC0FBF00FCE105 /* OT mainUITests.xctest */ = {isa = PBXFileReference; explicitFileType = wrapper.cfbundle; includeInIndex = 0; path = "OT mainUITests.xctest"; sourceTree = BUILT_PRODUCTS_DIR; };
/* End PBXFileReference section */

/* Begin PBXFileSystemSynchronizedBuildFileExceptionSet section */
		29F77B7F2ECB01FC0069775E /* Exceptions for "OT main" folder in "OT main" target */ = {
			isa = PBXFileSystemSynchronizedBuildFileExceptionSet;
			membershipExceptions = (
				Info.plist,
			);
			target = 29664C402EBC0FBE00FCE105 /* OT main */;
		};
/* End PBXFileSystemSynchronizedBuildFileExceptionSet section */

/* Begin PBXFileSystemSynchronizedRootGroup section */
		29664C5A2EBC0FBF00FCE105 /* OT mainTests */ = {
			isa = PBXFileSystemSynchronizedRootGroup;
			path = "OT mainTests";
			sourceTree = "<group>";
		};
		29664C642EBC0FBF00FCE105 /* OT mainUITests */ = {
			isa = PBXFileSystemSynchronizedRootGroup;
			path = "OT mainUITests";
			sourceTree = "<group>";
		};
		29B7F77C2F7D6B3700B55572 /* apple-devices */ = {
			isa = PBXFileSystemSynchronizedRootGroup;
			path = "apple-devices";
			sourceTree = "<group>";
		};
		29F77B572ECB01FC0069775E /* OT main */ = {
			isa = PBXFileSystemSynchronizedRootGroup;
			exceptions = (
				29F77B7F2ECB01FC0069775E /* Exceptions for "OT main" folder in "OT main" target */,
			);
			path = "OT main";
			sourceTree = "<group>";
		};
/* End PBXFileSystemSynchronizedRootGroup section */

/* Begin PBXFrameworksBuildPhase section */
		29664C3E2EBC0FBE00FCE105 /* Frameworks */ = {
			isa = PBXFrameworksBuildPhase;
			buildActionMask = 2147483647;
			files = (
				53C022162F7A532A00C91BB3 /* FirebaseAILogic in Frameworks */,
				53C022142F7A532A00C91BB3 /* FirebaseAI in Frameworks */,
				53C0223C2F7A532A00C91BB3 /* FirebasePerformance in Frameworks */,
				53C0223E2F7A532A00C91BB3 /* FirebaseRemoteConfig in Frameworks */,
				53C0220B2F7A52CA00C91BB3 /* PostgREST in Frameworks */,
				53C022362F7A532A00C91BB3 /* FirebaseInstallations in Frameworks */,
				53C022202F7A532A00C91BB3 /* FirebaseAppDistribution-Beta in Frameworks */,
				53C0222C2F7A532A00C91BB3 /* FirebaseFirestore in Frameworks */,
				53C022242F7A532A00C91BB3 /* FirebaseAuthCombine-Community in Frameworks */,
				53C022382F7A532A00C91BB3 /* FirebaseMLModelDownloader in Frameworks */,
				53C0223A2F7A532A00C91BB3 /* FirebaseMessaging in Frameworks */,
				53C022402F7A532A00C91BB3 /* FirebaseStorage in Frameworks */,
				53C022092F7A52CA00C91BB3 /* Functions in Frameworks */,
				53C0222A2F7A532A00C91BB3 /* FirebaseDatabase in Frameworks */,
				53C022262F7A532A00C91BB3 /* FirebaseCore in Frameworks */,
				53C022322F7A532A00C91BB3 /* FirebaseFunctionsCombine-Community in Frameworks */,
				53C022342F7A532A00C91BB3 /* FirebaseInAppMessaging-Beta in Frameworks */,
				53C022222F7A532A00C91BB3 /* FirebaseAuth in Frameworks */,
				53C0221E2F7A532A00C91BB3 /* FirebaseAppCheck in Frameworks */,
				53C022112F7A52CA00C91BB3 /* Supabase in Frameworks */,
				53C022072F7A52CA00C91BB3 /* Auth in Frameworks */,
				53C0222E2F7A532A00C91BB3 /* FirebaseFirestoreCombine-Community in Frameworks */,
				53C022422F7A532A00C91BB3 /* FirebaseStorageCombine-Community in Frameworks */,
				53C0220F2F7A52CA00C91BB3 /* Storage in Frameworks */,
				53C022302F7A532A00C91BB3 /* FirebaseFunctions in Frameworks */,
				53C0221A2F7A532A00C91BB3 /* FirebaseAnalyticsCore in Frameworks */,
				53C022282F7A532A00C91BB3 /* FirebaseCrashlytics in Frameworks */,
				53C0221C2F7A532A00C91BB3 /* FirebaseAnalyticsIdentitySupport in Frameworks */,
				53C0220D2F7A52CA00C91BB3 /* Realtime in Frameworks */,
				53C022182F7A532A00C91BB3 /* FirebaseAnalytics in Frameworks */,
			);
			runOnlyForDeploymentPostprocessing = 0;
		};
		29664C542EBC0FBF00FCE105 /* Frameworks */ = {
			isa = PBXFrameworksBuildPhase;
			buildActionMask = 2147483647;
			files = (
			);
			runOnlyForDeploymentPostprocessing = 0;
		};
		29664C5E2EBC0FBF00FCE105 /* Frameworks */ = {
			isa = PBXFrameworksBuildPhase;
			buildActionMask = 2147483647;
			files = (
			);
			runOnlyForDeploymentPostprocessing = 0;
		};
/* End PBXFrameworksBuildPhase section */

/* Begin PBXGroup section */
		2902AEF82ED60EF100071FEE /* Products */ = {
			isa = PBXGroup;
			children = (
			);
			name = Products;
			sourceTree = "<group>";
		};
		29664C382EBC0FBE00FCE105 = {
			isa = PBXGroup;
			children = (
				29B7F77C2F7D6B3700B55572 /* apple-devices */,
				29F77B572ECB01FC0069775E /* OT main */,
				29664C5A2EBC0FBF00FCE105 /* OT mainTests */,
				29664C642EBC0FBF00FCE105 /* OT mainUITests */,
				29664C422EBC0FBE00FCE105 /* Products */,
			);
			sourceTree = "<group>";
		};
		29664C422EBC0FBE00FCE105 /* Products */ = {
			isa = PBXGroup;
			children = (
				29664C412EBC0FBE00FCE105 /* OT main.app */,
				29664C572EBC0FBF00FCE105 /* OT mainTests.xctest */,
				29664C612EBC0FBF00FCE105 /* OT mainUITests.xctest */,
			);
			name = Products;
			sourceTree = "<group>";
		};
/* End PBXGroup section */

/* Begin PBXNativeTarget section */
		29664C402EBC0FBE00FCE105 /* OT main */ = {
			isa = PBXNativeTarget;
			buildConfigurationList = 29664C6A2EBC0FBF00FCE105 /* Build configuration list for PBXNativeTarget "OT main" */;
			buildPhases = (
				29664C3D2EBC0FBE00FCE105 /* Sources */,
				29664C3E2EBC0FBE00FCE105 /* Frameworks */,
				29664C3F2EBC0FBE00FCE105 /* Resources */,
			);
			buildRules = (
			);
			dependencies = (
			);
			fileSystemSynchronizedGroups = (
				29B7F77C2F7D6B3700B55572 /* apple-devices */,
				29F77B572ECB01FC0069775E /* OT main */,
			);
			name = "OT main";
			packageProductDependencies = (
				53C022062F7A52CA00C91BB3 /* Auth */,
				53C022082F7A52CA00C91BB3 /* Functions */,
				53C0220A2F7A52CA00C91BB3 /* PostgREST */,
				53C0220C2F7A52CA00C91BB3 /* Realtime */,
				53C0220E2F7A52CA00C91BB3 /* Storage */,
				53C022102F7A52CA00C91BB3 /* Supabase */,
				53C022132F7A532A00C91BB3 /* FirebaseAI */,
				53C022152F7A532A00C91BB3 /* FirebaseAILogic */,
				53C022172F7A532A00C91BB3 /* FirebaseAnalytics */,
				53C022192F7A532A00C91BB3 /* FirebaseAnalyticsCore */,
				53C0221B2F7A532A00C91BB3 /* FirebaseAnalyticsIdentitySupport */,
				53C0221D2F7A532A00C91BB3 /* FirebaseAppCheck */,
				53C0221F2F7A532A00C91BB3 /* FirebaseAppDistribution-Beta */,
				53C022212F7A532A00C91BB3 /* FirebaseAuth */,
				53C022232F7A532A00C91BB3 /* FirebaseAuthCombine-Community */,
				53C022252F7A532A00C91BB3 /* FirebaseCore */,
				53C022272F7A532A00C91BB3 /* FirebaseCrashlytics */,
				53C022292F7A532A00C91BB3 /* FirebaseDatabase */,
				53C0222B2F7A532A00C91BB3 /* FirebaseFirestore */,
				53C0222D2F7A532A00C91BB3 /* FirebaseFirestoreCombine-Community */,
				53C0222F2F7A532A00C91BB3 /* FirebaseFunctions */,
				53C022312F7A532A00C91BB3 /* FirebaseFunctionsCombine-Community */,
				53C022332F7A532A00C91BB3 /* FirebaseInAppMessaging-Beta */,
				53C022352F7A532A00C91BB3 /* FirebaseInstallations */,
				53C022372F7A532A00C91BB3 /* FirebaseMLModelDownloader */,
				53C022392F7A532A00C91BB3 /* FirebaseMessaging */,
				53C0223B2F7A532A00C91BB3 /* FirebasePerformance */,
				53C0223D2F7A532A00C91BB3 /* FirebaseRemoteConfig */,
				53C0223F2F7A532A00C91BB3 /* FirebaseStorage */,
				53C022412F7A532A00C91BB3 /* FirebaseStorageCombine-Community */,
			);
			productName = "OT main";
			productReference = 29664C412EBC0FBE00FCE105 /* OT main.app */;
			productType = "com.apple.product-type.application";
		};
		29664C562EBC0FBF00FCE105 /* OT mainTests */ = {
			isa = PBXNativeTarget;
			buildConfigurationList = 29664C6F2EBC0FBF00FCE105 /* Build configuration list for PBXNativeTarget "OT mainTests" */;
			buildPhases = (
				29664C532EBC0FBF00FCE105 /* Sources */,
				29664C542EBC0FBF00FCE105 /* Frameworks */,
				29664C552EBC0FBF00FCE105 /* Resources */,
			);
			buildRules = (
			);
			dependencies = (
				29664C592EBC0FBF00FCE105 /* PBXTargetDependency */,
			);
			fileSystemSynchronizedGroups = (
				29664C5A2EBC0FBF00FCE105 /* OT mainTests */,
			);
			name = "OT mainTests";
			packageProductDependencies = (
			);
			productName = "OT mainTests";
			productReference = 29664C572EBC0FBF00FCE105 /* OT mainTests.xctest */;
			productType = "com.apple.product-type.bundle.unit-test";
		};
		29664C602EBC0FBF00FCE105 /* OT mainUITests */ = {
			isa = PBXNativeTarget;
			buildConfigurationList = 29664C722EBC0FBF00FCE105 /* Build configuration list for PBXNativeTarget "OT mainUITests" */;
			buildPhases = (
				29664C5D2EBC0FBF00FCE105 /* Sources */,
				29664C5E2EBC0FBF00FCE105 /* Frameworks */,
				29664C5F2EBC0FBF00FCE105 /* Resources */,
			);
			buildRules = (
			);
			dependencies = (
				29664C632EBC0FBF00FCE105 /* PBXTargetDependency */,
			);
			fileSystemSynchronizedGroups = (
				29664C642EBC0FBF00FCE105 /* OT mainUITests */,
			);
			name = "OT mainUITests";
			packageProductDependencies = (
			);
			productName = "OT mainUITests";
			productReference = 29664C612EBC0FBF00FCE105 /* OT mainUITests.xctest */;
			productType = "com.apple.product-type.bundle.ui-testing";
		};
/* End PBXNativeTarget section */

/* Begin PBXProject section */
		29664C392EBC0FBE00FCE105 /* Project object */ = {
			isa = PBXProject;
			attributes = {
				BuildIndependentTargetsInParallel = 1;
				LastSwiftUpdateCheck = 2610;
				LastUpgradeCheck = 2610;
				TargetAttributes = {
					29664C402EBC0FBE00FCE105 = {
						CreatedOnToolsVersion = 26.1;
					};
					29664C562EBC0FBF00FCE105 = {
						CreatedOnToolsVersion = 26.1;
						TestTargetID = 29664C402EBC0FBE00FCE105;
					};
					29664C602EBC0FBF00FCE105 = {
						CreatedOnToolsVersion = 26.1;
						TestTargetID = 29664C402EBC0FBE00FCE105;
					};
				};
			};
			buildConfigurationList = 29664C3C2EBC0FBE00FCE105 /* Build configuration list for PBXProject "OT main" */;
			developmentRegion = en;
			hasScannedForEncodings = 0;
			knownRegions = (
				en,
				Base,
			);
			mainGroup = 29664C382EBC0FBE00FCE105;
			minimizedProjectReferenceProxies = 1;
			packageReferences = (
				53C022052F7A52CA00C91BB3 /* XCRemoteSwiftPackageReference "supabase-swift" */,
				53C022122F7A532A00C91BB3 /* XCRemoteSwiftPackageReference "firebase-ios-sdk" */,
			);
			preferredProjectObjectVersion = 77;
			productRefGroup = 29664C422EBC0FBE00FCE105 /* Products */;
			projectDirPath = "";
			projectReferences = (
				{
					ProductGroup = 2902AEF82ED60EF100071FEE /* Products */;
					ProjectRef = 2902AEF12ED60EF100071FEE /* OT main.xcodeproj */;
				},
			);
			projectRoot = "";
			targets = (
				29664C402EBC0FBE00FCE105 /* OT main */,
				29664C562EBC0FBF00FCE105 /* OT mainTests */,
				29664C602EBC0FBF00FCE105 /* OT mainUITests */,
			);
		};
/* End PBXProject section */

/* Begin PBXResourcesBuildPhase section */
		29664C3F2EBC0FBE00FCE105 /* Resources */ = {
			isa = PBXResourcesBuildPhase;
			buildActionMask = 2147483647;
			files = (
			);
			runOnlyForDeploymentPostprocessing = 0;
		};
		29664C552EBC0FBF00FCE105 /* Resources */ = {
			isa = PBXResourcesBuildPhase;
			buildActionMask = 2147483647;
			files = (
			);
			runOnlyForDeploymentPostprocessing = 0;
		};
		29664C5F2EBC0FBF00FCE105 /* Resources */ = {
			isa = PBXResourcesBuildPhase;
			buildActionMask = 2147483647;
			files = (
			);
			runOnlyForDeploymentPostprocessing = 0;
		};
/* End PBXResourcesBuildPhase section */

/* Begin PBXSourcesBuildPhase section */
		29664C3D2EBC0FBE00FCE105 /* Sources */ = {
			isa = PBXSourcesBuildPhase;
			buildActionMask = 2147483647;
			files = (
			);
			runOnlyForDeploymentPostprocessing = 0;
		};
		29664C532EBC0FBF00FCE105 /* Sources */ = {
			isa = PBXSourcesBuildPhase;
			buildActionMask = 2147483647;
			files = (
			);
			runOnlyForDeploymentPostprocessing = 0;
		};
		29664C5D2EBC0FBF00FCE105 /* Sources */ = {
			isa = PBXSourcesBuildPhase;
			buildActionMask = 2147483647;
			files = (
			);
			runOnlyForDeploymentPostprocessing = 0;
		};
/* End PBXSourcesBuildPhase section */

/* Begin PBXTargetDependency section */
		29664C592EBC0FBF00FCE105 /* PBXTargetDependency */ = {
			isa = PBXTargetDependency;
			target = 29664C402EBC0FBE00FCE105 /* OT main */;
			targetProxy = 29664C582EBC0FBF00FCE105 /* PBXContainerItemProxy */;
		};
		29664C632EBC0FBF00FCE105 /* PBXTargetDependency */ = {
			isa = PBXTargetDependency;
			target = 29664C402EBC0FBE00FCE105 /* OT main */;
			targetProxy = 29664C622EBC0FBF00FCE105 /* PBXContainerItemProxy */;
		};
/* End PBXTargetDependency section */

/* Begin XCBuildConfiguration section */
		29664C6B2EBC0FBF00FCE105 /* Debug */ = {
			isa = XCBuildConfiguration;
			baseConfigurationReferenceAnchor = 29F77B572ECB01FC0069775E /* OT main */;
			baseConfigurationReferenceRelativePath = "OT Side/PatientDetails/Assignment/Config.xcconfig";
			buildSettings = {
				ASSETCATALOG_COMPILER_APPICON_NAME = AppIcon;
				ASSETCATALOG_COMPILER_GLOBAL_ACCENT_COLOR_NAME = AccentColor;
				ASSETCATALOG_COMPILER_INCLUDE_ALL_APPICON_ASSETS = YES;
				CODE_SIGN_STYLE = Automatic;
				CURRENT_PROJECT_VERSION = 1;
				DEVELOPMENT_TEAM = 9Q2N5ARNGB;
				GENERATE_INFOPLIST_FILE = YES;
				INFOPLIST_FILE = "OT main/Info.plist";
				INFOPLIST_KEY_CFBundleDisplayName = TheraSync;
				INFOPLIST_KEY_LSApplicationCategoryType = "public.app-category.medical";
				INFOPLIST_KEY_NSCameraUsageDescription = "using camera to record or upload assesment or profile image";
				INFOPLIST_KEY_NSMicrophoneUsageDescription = "This app uses speech recognition to convert your voice notes into text";
				INFOPLIST_KEY_NSSpeechRecognitionUsageDescription = "This app uses speech recognition to convert your voice notes into text";
				INFOPLIST_KEY_UIApplicationSupportsIndirectInputEvents = YES;
				INFOPLIST_KEY_UILaunchStoryboardName = LaunchScreen;
				INFOPLIST_KEY_UIMainStoryboardFile = Main;
				INFOPLIST_KEY_UISupportedInterfaceOrientations = UIInterfaceOrientationPortrait;
				INFOPLIST_KEY_UISupportedInterfaceOrientations_iPad = "UIInterfaceOrientationLandscapeLeft UIInterfaceOrientationLandscapeRight UIInterfaceOrientationPortrait UIInterfaceOrientationPortraitUpsideDown";
				IPHONEOS_DEPLOYMENT_TARGET = 26.0;
				LD_RUNPATH_SEARCH_PATHS = (
					"$(inherited)",
					"@executable_path/Frameworks",
				);
				MARKETING_VERSION = 1.0;
				PRODUCT_BUNDLE_IDENTIFIER = com.srmist.therasyncs1;
				PRODUCT_NAME = "$(TARGET_NAME)";
				STRING_CATALOG_GENERATE_SYMBOLS = YES;
				SUPPORTED_PLATFORMS = "iphoneos iphonesimulator";
				SUPPORTS_MACCATALYST = NO;
				SUPPORTS_MAC_DESIGNED_FOR_IPHONE_IPAD = NO;
				SUPPORTS_XR_DESIGNED_FOR_IPHONE_IPAD = NO;
				SWIFT_APPROACHABLE_CONCURRENCY = YES;
				SWIFT_DEFAULT_ACTOR_ISOLATION = MainActor;
				SWIFT_EMIT_LOC_STRINGS = YES;
				SWIFT_UPCOMING_FEATURE_MEMBER_IMPORT_VISIBILITY = YES;
				SWIFT_VERSION = 5.0;
				TARGETED_DEVICE_FAMILY = "1,2";
			};
			name = Debug;
		};
		29664C6C2EBC0FBF00FCE105 /* Release */ = {
			isa = XCBuildConfiguration;
			baseConfigurationReferenceAnchor = 29F77B572ECB01FC0069775E /* OT main */;
			baseConfigurationReferenceRelativePath = "OT Side/PatientDetails/Assignment/Config.xcconfig";
			buildSettings = {
				ASSETCATALOG_COMPILER_APPICON_NAME = AppIcon;
				ASSETCATALOG_COMPILER_GLOBAL_ACCENT_COLOR_NAME = AccentColor;
				ASSETCATALOG_COMPILER_INCLUDE_ALL_APPICON_ASSETS = YES;
				CODE_SIGN_STYLE = Automatic;
				CURRENT_PROJECT_VERSION = 1;
				DEVELOPMENT_TEAM = 9Q2N5ARNGB;
				GENERATE_INFOPLIST_FILE = YES;
				INFOPLIST_FILE = "OT main/Info.plist";
				INFOPLIST_KEY_CFBundleDisplayName = TheraSync;
				INFOPLIST_KEY_LSApplicationCategoryType = "public.app-category.medical";
				INFOPLIST_KEY_NSCameraUsageDescription = "using camera to record or upload assesment or profile image";
				INFOPLIST_KEY_NSMicrophoneUsageDescription = "This app uses speech recognition to convert your voice notes into text";
				INFOPLIST_KEY_NSSpeechRecognitionUsageDescription = "This app uses speech recognition to convert your voice notes into text";
				INFOPLIST_KEY_UIApplicationSupportsIndirectInputEvents = YES;
				INFOPLIST_KEY_UILaunchStoryboardName = LaunchScreen;
				INFOPLIST_KEY_UIMainStoryboardFile = Main;
				INFOPLIST_KEY_UISupportedInterfaceOrientations = UIInterfaceOrientationPortrait;
				INFOPLIST_KEY_UISupportedInterfaceOrientations_iPad = "UIInterfaceOrientationLandscapeLeft UIInterfaceOrientationLandscapeRight UIInterfaceOrientationPortrait UIInterfaceOrientationPortraitUpsideDown";
				IPHONEOS_DEPLOYMENT_TARGET = 26.0;
				LD_RUNPATH_SEARCH_PATHS = (
					"$(inherited)",
					"@executable_path/Frameworks",
				);
				MARKETING_VERSION = 1.0;
				PRODUCT_BUNDLE_IDENTIFIER = com.srmist.therasyncs;
				PRODUCT_NAME = "$(TARGET_NAME)";
				STRING_CATALOG_GENERATE_SYMBOLS = YES;
				SUPPORTED_PLATFORMS = "iphoneos iphonesimulator";
				SUPPORTS_MACCATALYST = NO;
				SUPPORTS_MAC_DESIGNED_FOR_IPHONE_IPAD = NO;
				SUPPORTS_XR_DESIGNED_FOR_IPHONE_IPAD = NO;
				SWIFT_APPROACHABLE_CONCURRENCY = YES;
				SWIFT_DEFAULT_ACTOR_ISOLATION = MainActor;
				SWIFT_EMIT_LOC_STRINGS = YES;
				SWIFT_UPCOMING_FEATURE_MEMBER_IMPORT_VISIBILITY = YES;
				SWIFT_VERSION = 5.0;
				TARGETED_DEVICE_FAMILY = "1,2";
			};
			name = Release;
		};
		29664C6D2EBC0FBF00FCE105 /* Debug */ = {
			isa = XCBuildConfiguration;
			baseConfigurationReferenceAnchor = 29F77B572ECB01FC0069775E /* OT main */;
			baseConfigurationReferenceRelativePath = "OT Side/PatientDetails/Assignment/Config.xcconfig";
			buildSettings = {
				ALWAYS_SEARCH_USER_PATHS = NO;
				ASSETCATALOG_COMPILER_GENERATE_SWIFT_ASSET_SYMBOL_EXTENSIONS = YES;
				CLANG_ANALYZER_NONNULL = YES;
				CLANG_ANALYZER_NUMBER_OBJECT_CONVERSION = YES_AGGRESSIVE;
				CLANG_CXX_LANGUAGE_STANDARD = "gnu++20";
				CLANG_ENABLE_MODULES = YES;
				CLANG_ENABLE_OBJC_ARC = YES;
				CLANG_ENABLE_OBJC_WEAK = YES;
				CLANG_WARN_BLOCK_CAPTURE_AUTORELEASING = YES;
				CLANG_WARN_BOOL_CONVERSION = YES;
				CLANG_WARN_COMMA = YES;
				CLANG_WARN_CONSTANT_CONVERSION = YES;
				CLANG_WARN_DEPRECATED_OBJC_IMPLEMENTATIONS = YES;
				CLANG_WARN_DIRECT_OBJC_ISA_USAGE = YES_ERROR;
				CLANG_WARN_DOCUMENTATION_COMMENTS = YES;
				CLANG_WARN_EMPTY_BODY = YES;
				CLANG_WARN_ENUM_CONVERSION = YES;
				CLANG_WARN_INFINITE_RECURSION = YES;
				CLANG_WARN_INT_CONVERSION = YES;
				CLANG_WARN_NON_LITERAL_NULL_CONVERSION = YES;
				CLANG_WARN_OBJC_IMPLICIT_RETAIN_SELF = YES;
				CLANG_WARN_OBJC_LITERAL_CONVERSION = YES;
				CLANG_WARN_OBJC_ROOT_CLASS = YES_ERROR;
				CLANG_WARN_QUOTED_INCLUDE_IN_FRAMEWORK_HEADER = YES;
				CLANG_WARN_RANGE_LOOP_ANALYSIS = YES;
				CLANG_WARN_STRICT_PROTOTYPES = YES;
				CLANG_WARN_SUSPICIOUS_MOVE = YES;
				CLANG_WARN_UNGUARDED_AVAILABILITY = YES_AGGRESSIVE;
				CLANG_WARN_UNREACHABLE_CODE = YES;
				CLANG_WARN__DUPLICATE_METHOD_MATCH = YES;
				COPY_PHASE_STRIP = NO;
				DEBUG_INFORMATION_FORMAT = dwarf;
				DEVELOPMENT_TEAM = 9Q2N5ARNGB;
				ENABLE_STRICT_OBJC_MSGSEND = YES;
				ENABLE_TESTABILITY = YES;
				ENABLE_USER_SCRIPT_SANDBOXING = YES;
				GCC_C_LANGUAGE_STANDARD = gnu17;
				GCC_DYNAMIC_NO_PIC = NO;
				GCC_NO_COMMON_BLOCKS = YES;
				GCC_OPTIMIZATION_LEVEL = 0;
				GCC_PREPROCESSOR_DEFINITIONS = (
					"DEBUG=1",
					"$(inherited)",
				);
				GCC_WARN_64_TO_32_BIT_CONVERSION = YES;
				GCC_WARN_ABOUT_RETURN_TYPE = YES_ERROR;
				GCC_WARN_UNDECLARED_SELECTOR = YES;
				GCC_WARN_UNINITIALIZED_AUTOS = YES_AGGRESSIVE;
				GCC_WARN_UNUSED_FUNCTION = YES;
				GCC_WARN_UNUSED_VARIABLE = YES;
				IPHONEOS_DEPLOYMENT_TARGET = 26.1;
				LOCALIZATION_PREFERS_STRING_CATALOGS = YES;
				MTL_ENABLE_DEBUG_INFO = INCLUDE_SOURCE;
				MTL_FAST_MATH = YES;
				ONLY_ACTIVE_ARCH = YES;
				SDKROOT = iphoneos;
				SWIFT_ACTIVE_COMPILATION_CONDITIONS = "DEBUG $(inherited)";
				SWIFT_OPTIMIZATION_LEVEL = "-Onone";
			};
			name = Debug;
		};
		29664C6E2EBC0FBF00FCE105 /* Release */ = {
			isa = XCBuildConfiguration;
			baseConfigurationReferenceAnchor = 29F77B572ECB01FC0069775E /* OT main */;
			baseConfigurationReferenceRelativePath = "OT Side/PatientDetails/Assignment/Config.xcconfig";
			buildSettings = {
				ALWAYS_SEARCH_USER_PATHS = NO;
				ASSETCATALOG_COMPILER_GENERATE_SWIFT_ASSET_SYMBOL_EXTENSIONS = YES;
				CLANG_ANALYZER_NONNULL = YES;
				CLANG_ANALYZER_NUMBER_OBJECT_CONVERSION = YES_AGGRESSIVE;
				CLANG_CXX_LANGUAGE_STANDARD = "gnu++20";
				CLANG_ENABLE_MODULES = YES;
				CLANG_ENABLE_OBJC_ARC = YES;
				CLANG_ENABLE_OBJC_WEAK = YES;
				CLANG_WARN_BLOCK_CAPTURE_AUTORELEASING = YES;
				CLANG_WARN_BOOL_CONVERSION = YES;
				CLANG_WARN_COMMA = YES;
				CLANG_WARN_CONSTANT_CONVERSION = YES;
				CLANG_WARN_DEPRECATED_OBJC_IMPLEMENTATIONS = YES;
				CLANG_WARN_DIRECT_OBJC_ISA_USAGE = YES_ERROR;
				CLANG_WARN_DOCUMENTATION_COMMENTS = YES;
				CLANG_WARN_EMPTY_BODY = YES;
				CLANG_WARN_ENUM_CONVERSION = YES;
				CLANG_WARN_INFINITE_RECURSION = YES;
				CLANG_WARN_INT_CONVERSION = YES;
				CLANG_WARN_NON_LITERAL_NULL_CONVERSION = YES;
				CLANG_WARN_OBJC_IMPLICIT_RETAIN_SELF = YES;
				CLANG_WARN_OBJC_LITERAL_CONVERSION = YES;
				CLANG_WARN_OBJC_ROOT_CLASS = YES_ERROR;
				CLANG_WARN_QUOTED_INCLUDE_IN_FRAMEWORK_HEADER = YES;
				CLANG_WARN_RANGE_LOOP_ANALYSIS = YES;
				CLANG_WARN_STRICT_PROTOTYPES = YES;
				CLANG_WARN_SUSPICIOUS_MOVE = YES;
				CLANG_WARN_UNGUARDED_AVAILABILITY = YES_AGGRESSIVE;
				CLANG_WARN_UNREACHABLE_CODE = YES;
				CLANG_WARN__DUPLICATE_METHOD_MATCH = YES;
				COPY_PHASE_STRIP = NO;
				DEBUG_INFORMATION_FORMAT = "dwarf-with-dsym";
				DEVELOPMENT_TEAM = 9Q2N5ARNGB;
				ENABLE_NS_ASSERTIONS = NO;
				ENABLE_STRICT_OBJC_MSGSEND = YES;
				ENABLE_USER_SCRIPT_SANDBOXING = YES;
				GCC_C_LANGUAGE_STANDARD = gnu17;
				GCC_NO_COMMON_BLOCKS = YES;
				GCC_WARN_64_TO_32_BIT_CONVERSION = YES;
				GCC_WARN_ABOUT_RETURN_TYPE = YES_ERROR;
				GCC_WARN_UNDECLARED_SELECTOR = YES;
				GCC_WARN_UNINITIALIZED_AUTOS = YES_AGGRESSIVE;
				GCC_WARN_UNUSED_FUNCTION = YES;
				GCC_WARN_UNUSED_VARIABLE = YES;
				IPHONEOS_DEPLOYMENT_TARGET = 26.1;
				LOCALIZATION_PREFERS_STRING_CATALOGS = YES;
				MTL_ENABLE_DEBUG_INFO = NO;
				MTL_FAST_MATH = YES;
				SDKROOT = iphoneos;
				SWIFT_COMPILATION_MODE = wholemodule;
				VALIDATE_PRODUCT = YES;
			};
			name = Release;
		};
		29664C702EBC0FBF00FCE105 /* Debug */ = {
			isa = XCBuildConfiguration;
			baseConfigurationReferenceAnchor = 29F77B572ECB01FC0069775E /* OT main */;
			baseConfigurationReferenceRelativePath = "OT Side/PatientDetails/Assignment/Config.xcconfig";
			buildSettings = {
				BUNDLE_LOADER = "$(TEST_HOST)";
				CODE_SIGN_STYLE = Automatic;
				CURRENT_PROJECT_VERSION = 1;
				DEVELOPMENT_TEAM = 9Q2N5ARNGB;
				GENERATE_INFOPLIST_FILE = YES;
				IPHONEOS_DEPLOYMENT_TARGET = 26.1;
				MARKETING_VERSION = 1.0;
				PRODUCT_BUNDLE_IDENTIFIER = "com.example.OT-mainTests";
				PRODUCT_NAME = "$(TARGET_NAME)";
				STRING_CATALOG_GENERATE_SYMBOLS = NO;
				SWIFT_APPROACHABLE_CONCURRENCY = YES;
				SWIFT_EMIT_LOC_STRINGS = NO;
				SWIFT_UPCOMING_FEATURE_MEMBER_IMPORT_VISIBILITY = YES;
				SWIFT_VERSION = 5.0;
				TARGETED_DEVICE_FAMILY = "1,2";
				TEST_HOST = "$(BUILT_PRODUCTS_DIR)/OT main.app/$(BUNDLE_EXECUTABLE_FOLDER_PATH)/OT main";
			};
			name = Debug;
		};
		29664C712EBC0FBF00FCE105 /* Release */ = {
			isa = XCBuildConfiguration;
			baseConfigurationReferenceAnchor = 29F77B572ECB01FC0069775E /* OT main */;
			baseConfigurationReferenceRelativePath = "OT Side/PatientDetails/Assignment/Config.xcconfig";
			buildSettings = {
				BUNDLE_LOADER = "$(TEST_HOST)";
				CODE_SIGN_STYLE = Automatic;
				CURRENT_PROJECT_VERSION = 1;
				DEVELOPMENT_TEAM = 9Q2N5ARNGB;
				GENERATE_INFOPLIST_FILE = YES;
				IPHONEOS_DEPLOYMENT_TARGET = 26.1;
				MARKETING_VERSION = 1.0;
				PRODUCT_BUNDLE_IDENTIFIER = "com.example.OT-mainTests";
				PRODUCT_NAME = "$(TARGET_NAME)";
				STRING_CATALOG_GENERATE_SYMBOLS = NO;
				SWIFT_APPROACHABLE_CONCURRENCY = YES;
				SWIFT_EMIT_LOC_STRINGS = NO;
				SWIFT_UPCOMING_FEATURE_MEMBER_IMPORT_VISIBILITY = YES;
				SWIFT_VERSION = 5.0;
				TARGETED_DEVICE_FAMILY = "1,2";
				TEST_HOST = "$(BUILT_PRODUCTS_DIR)/OT main.app/$(BUNDLE_EXECUTABLE_FOLDER_PATH)/OT main";
			};
			name = Release;
		};
		29664C732EBC0FBF00FCE105 /* Debug */ = {
			isa = XCBuildConfiguration;
			baseConfigurationReferenceAnchor = 29F77B572ECB01FC0069775E /* OT main */;
			baseConfigurationReferenceRelativePath = "OT Side/PatientDetails/Assignment/Config.xcconfig";
			buildSettings = {
				CODE_SIGN_STYLE = Automatic;
				CURRENT_PROJECT_VERSION = 1;
				DEVELOPMENT_TEAM = 9Q2N5ARNGB;
				GENERATE_INFOPLIST_FILE = YES;
				MARKETING_VERSION = 1.0;
				PRODUCT_BUNDLE_IDENTIFIER = "com.example.OT-mainUITests";
				PRODUCT_NAME = "$(TARGET_NAME)";
				STRING_CATALOG_GENERATE_SYMBOLS = NO;
				SWIFT_APPROACHABLE_CONCURRENCY = YES;
				SWIFT_EMIT_LOC_STRINGS = NO;
				SWIFT_UPCOMING_FEATURE_MEMBER_IMPORT_VISIBILITY = YES;
				SWIFT_VERSION = 5.0;
				TARGETED_DEVICE_FAMILY = "1,2";
				TEST_TARGET_NAME = "OT main";
			};
			name = Debug;
		};
		29664C742EBC0FBF00FCE105 /* Release */ = {
			isa = XCBuildConfiguration;
			baseConfigurationReferenceAnchor = 29F77B572ECB01FC0069775E /* OT main */;
			baseConfigurationReferenceRelativePath = "OT Side/PatientDetails/Assignment/Config.xcconfig";
			buildSettings = {
				CODE_SIGN_STYLE = Automatic;
				CURRENT_PROJECT_VERSION = 1;
				DEVELOPMENT_TEAM = 9Q2N5ARNGB;
				GENERATE_INFOPLIST_FILE = YES;
				MARKETING_VERSION = 1.0;
				PRODUCT_BUNDLE_IDENTIFIER = "com.example.OT-mainUITests";
				PRODUCT_NAME = "$(TARGET_NAME)";
				STRING_CATALOG_GENERATE_SYMBOLS = NO;
				SWIFT_APPROACHABLE_CONCURRENCY = YES;
				SWIFT_EMIT_LOC_STRINGS = NO;
				SWIFT_UPCOMING_FEATURE_MEMBER_IMPORT_VISIBILITY = YES;
				SWIFT_VERSION = 5.0;
				TARGETED_DEVICE_FAMILY = "1,2";
				TEST_TARGET_NAME = "OT main";
			};
			name = Release;
		};
/* End XCBuildConfiguration section */

/* Begin XCConfigurationList section */
		29664C3C2EBC0FBE00FCE105 /* Build configuration list for PBXProject "OT main" */ = {
			isa = XCConfigurationList;
			buildConfigurations = (
				29664C6D2EBC0FBF00FCE105 /* Debug */,
				29664C6E2EBC0FBF00FCE105 /* Release */,
			);
			defaultConfigurationIsVisible = 0;
			defaultConfigurationName = Release;
		};
		29664C6A2EBC0FBF00FCE105 /* Build configuration list for PBXNativeTarget "OT main" */ = {
			isa = XCConfigurationList;
			buildConfigurations = (
				29664C6B2EBC0FBF00FCE105 /* Debug */,
				29664C6C2EBC0FBF00FCE105 /* Release */,
			);
			defaultConfigurationIsVisible = 0;
			defaultConfigurationName = Release;
		};
		29664C6F2EBC0FBF00FCE105 /* Build configuration list for PBXNativeTarget "OT mainTests" */ = {
			isa = XCConfigurationList;
			buildConfigurations = (
				29664C702EBC0FBF00FCE105 /* Debug */,
				29664C712EBC0FBF00FCE105 /* Release */,
			);
			defaultConfigurationIsVisible = 0;
			defaultConfigurationName = Release;
		};
		29664C722EBC0FBF00FCE105 /* Build configuration list for PBXNativeTarget "OT mainUITests" */ = {
			isa = XCConfigurationList;
			buildConfigurations = (
				29664C732EBC0FBF00FCE105 /* Debug */,
				29664C742EBC0FBF00FCE105 /* Release */,
			);
			defaultConfigurationIsVisible = 0;
			defaultConfigurationName = Release;
		};
/* End XCConfigurationList section */

/* Begin XCRemoteSwiftPackageReference section */
		53C022052F7A52CA00C91BB3 /* XCRemoteSwiftPackageReference "supabase-swift" */ = {
			isa = XCRemoteSwiftPackageReference;
			repositoryURL = "https://github.com/supabase/supabase-swift";
			requirement = {
				kind = upToNextMajorVersion;
				minimumVersion = 2.5.1;
			};
		};
		53C022122F7A532A00C91BB3 /* XCRemoteSwiftPackageReference "firebase-ios-sdk" */ = {
			isa = XCRemoteSwiftPackageReference;
			repositoryURL = "https://github.com/firebase/firebase-ios-sdk";
			requirement = {
				kind = upToNextMajorVersion;
				minimumVersion = 12.11.0;
			};
		};
/* End XCRemoteSwiftPackageReference section */

/* Begin XCSwiftPackageProductDependency section */
		53C022062F7A52CA00C91BB3 /* Auth */ = {
			isa = XCSwiftPackageProductDependency;
			package = 53C022052F7A52CA00C91BB3 /* XCRemoteSwiftPackageReference "supabase-swift" */;
			productName = Auth;
		};
		53C022082F7A52CA00C91BB3 /* Functions */ = {
			isa = XCSwiftPackageProductDependency;
			package = 53C022052F7A52CA00C91BB3 /* XCRemoteSwiftPackageReference "supabase-swift" */;
			productName = Functions;
		};
		53C0220A2F7A52CA00C91BB3 /* PostgREST */ = {
			isa = XCSwiftPackageProductDependency;
			package = 53C022052F7A52CA00C91BB3 /* XCRemoteSwiftPackageReference "supabase-swift" */;
			productName = PostgREST;
		};
		53C0220C2F7A52CA00C91BB3 /* Realtime */ = {
			isa = XCSwiftPackageProductDependency;
			package = 53C022052F7A52CA00C91BB3 /* XCRemoteSwiftPackageReference "supabase-swift" */;
			productName = Realtime;
		};
		53C0220E2F7A52CA00C91BB3 /* Storage */ = {
			isa = XCSwiftPackageProductDependency;
			package = 53C022052F7A52CA00C91BB3 /* XCRemoteSwiftPackageReference "supabase-swift" */;
			productName = Storage;
		};
		53C022102F7A52CA00C91BB3 /* Supabase */ = {
			isa = XCSwiftPackageProductDependency;
			package = 53C022052F7A52CA00C91BB3 /* XCRemoteSwiftPackageReference "supabase-swift" */;
			productName = Supabase;
		};
		53C022132F7A532A00C91BB3 /* FirebaseAI */ = {
			isa = XCSwiftPackageProductDependency;
			package = 53C022122F7A532A00C91BB3 /* XCRemoteSwiftPackageReference "firebase-ios-sdk" */;
			productName = FirebaseAI;
		};
		53C022152F7A532A00C91BB3 /* FirebaseAILogic */ = {
			isa = XCSwiftPackageProductDependency;
			package = 53C022122F7A532A00C91BB3 /* XCRemoteSwiftPackageReference "firebase-ios-sdk" */;
			productName = FirebaseAILogic;
		};
		53C022172F7A532A00C91BB3 /* FirebaseAnalytics */ = {
			isa = XCSwiftPackageProductDependency;
			package = 53C022122F7A532A00C91BB3 /* XCRemoteSwiftPackageReference "firebase-ios-sdk" */;
			productName = FirebaseAnalytics;
		};
		53C022192F7A532A00C91BB3 /* FirebaseAnalyticsCore */ = {
			isa = XCSwiftPackageProductDependency;
			package = 53C022122F7A532A00C91BB3 /* XCRemoteSwiftPackageReference "firebase-ios-sdk" */;
			productName = FirebaseAnalyticsCore;
		};
		53C0221B2F7A532A00C91BB3 /* FirebaseAnalyticsIdentitySupport */ = {
			isa = XCSwiftPackageProductDependency;
			package = 53C022122F7A532A00C91BB3 /* XCRemoteSwiftPackageReference "firebase-ios-sdk" */;
			productName = FirebaseAnalyticsIdentitySupport;
		};
		53C0221D2F7A532A00C91BB3 /* FirebaseAppCheck */ = {
			isa = XCSwiftPackageProductDependency;
			package = 53C022122F7A532A00C91BB3 /* XCRemoteSwiftPackageReference "firebase-ios-sdk" */;
			productName = FirebaseAppCheck;
		};
		53C0221F2F7A532A00C91BB3 /* FirebaseAppDistribution-Beta */ = {
			isa = XCSwiftPackageProductDependency;
			package = 53C022122F7A532A00C91BB3 /* XCRemoteSwiftPackageReference "firebase-ios-sdk" */;
			productName = "FirebaseAppDistribution-Beta";
		};
		53C022212F7A532A00C91BB3 /* FirebaseAuth */ = {
			isa = XCSwiftPackageProductDependency;
			package = 53C022122F7A532A00C91BB3 /* XCRemoteSwiftPackageReference "firebase-ios-sdk" */;
			productName = FirebaseAuth;
		};
		53C022232F7A532A00C91BB3 /* FirebaseAuthCombine-Community */ = {
			isa = XCSwiftPackageProductDependency;
			package = 53C022122F7A532A00C91BB3 /* XCRemoteSwiftPackageReference "firebase-ios-sdk" */;
			productName = "FirebaseAuthCombine-Community";
		};
		53C022252F7A532A00C91BB3 /* FirebaseCore */ = {
			isa = XCSwiftPackageProductDependency;
			package = 53C022122F7A532A00C91BB3 /* XCRemoteSwiftPackageReference "firebase-ios-sdk" */;
			productName = FirebaseCore;
		};
		53C022272F7A532A00C91BB3 /* FirebaseCrashlytics */ = {
			isa = XCSwiftPackageProductDependency;
			package = 53C022122F7A532A00C91BB3 /* XCRemoteSwiftPackageReference "firebase-ios-sdk" */;
			productName = FirebaseCrashlytics;
		};
		53C022292F7A532A00C91BB3 /* FirebaseDatabase */ = {
			isa = XCSwiftPackageProductDependency;
			package = 53C022122F7A532A00C91BB3 /* XCRemoteSwiftPackageReference "firebase-ios-sdk" */;
			productName = FirebaseDatabase;
		};
		53C0222B2F7A532A00C91BB3 /* FirebaseFirestore */ = {
			isa = XCSwiftPackageProductDependency;
			package = 53C022122F7A532A00C91BB3 /* XCRemoteSwiftPackageReference "firebase-ios-sdk" */;
			productName = FirebaseFirestore;
		};
		53C0222D2F7A532A00C91BB3 /* FirebaseFirestoreCombine-Community */ = {
			isa = XCSwiftPackageProductDependency;
			package = 53C022122F7A532A00C91BB3 /* XCRemoteSwiftPackageReference "firebase-ios-sdk" */;
			productName = "FirebaseFirestoreCombine-Community";
		};
		53C0222F2F7A532A00C91BB3 /* FirebaseFunctions */ = {
			isa = XCSwiftPackageProductDependency;
			package = 53C022122F7A532A00C91BB3 /* XCRemoteSwiftPackageReference "firebase-ios-sdk" */;
			productName = FirebaseFunctions;
		};
		53C022312F7A532A00C91BB3 /* FirebaseFunctionsCombine-Community */ = {
			isa = XCSwiftPackageProductDependency;
			package = 53C022122F7A532A00C91BB3 /* XCRemoteSwiftPackageReference "firebase-ios-sdk" */;
			productName = "FirebaseFunctionsCombine-Community";
		};
		53C022332F7A532A00C91BB3 /* FirebaseInAppMessaging-Beta */ = {
			isa = XCSwiftPackageProductDependency;
			package = 53C022122F7A532A00C91BB3 /* XCRemoteSwiftPackageReference "firebase-ios-sdk" */;
			productName = "FirebaseInAppMessaging-Beta";
		};
		53C022352F7A532A00C91BB3 /* FirebaseInstallations */ = {
			isa = XCSwiftPackageProductDependency;
			package = 53C022122F7A532A00C91BB3 /* XCRemoteSwiftPackageReference "firebase-ios-sdk" */;
			productName = FirebaseInstallations;
		};
		53C022372F7A532A00C91BB3 /* FirebaseMLModelDownloader */ = {
			isa = XCSwiftPackageProductDependency;
			package = 53C022122F7A532A00C91BB3 /* XCRemoteSwiftPackageReference "firebase-ios-sdk" */;
			productName = FirebaseMLModelDownloader;
		};
		53C022392F7A532A00C91BB3 /* FirebaseMessaging */ = {
			isa = XCSwiftPackageProductDependency;
			package = 53C022122F7A532A00C91BB3 /* XCRemoteSwiftPackageReference "firebase-ios-sdk" */;
			productName = FirebaseMessaging;
		};
		53C0223B2F7A532A00C91BB3 /* FirebasePerformance */ = {
			isa = XCSwiftPackageProductDependency;
			package = 53C022122F7A532A00C91BB3 /* XCRemoteSwiftPackageReference "firebase-ios-sdk" */;
			productName = FirebasePerformance;
		};
		53C0223D2F7A532A00C91BB3 /* FirebaseRemoteConfig */ = {
			isa = XCSwiftPackageProductDependency;
			package = 53C022122F7A532A00C91BB3 /* XCRemoteSwiftPackageReference "firebase-ios-sdk" */;
			productName = FirebaseRemoteConfig;
		};
		53C0223F2F7A532A00C91BB3 /* FirebaseStorage */ = {
			isa = XCSwiftPackageProductDependency;
			package = 53C022122F7A532A00C91BB3 /* XCRemoteSwiftPackageReference "firebase-ios-sdk" */;
			productName = FirebaseStorage;
		};
		53C022412F7A532A00C91BB3 /* FirebaseStorageCombine-Community */ = {
			isa = XCSwiftPackageProductDependency;
			package = 53C022122F7A532A00C91BB3 /* XCRemoteSwiftPackageReference "firebase-ios-sdk" */;
			productName = "FirebaseStorageCombine-Community";
		};
/* End XCSwiftPackageProductDependency section */
	};
	rootObject = 29664C392EBC0FBE00FCE105 /* Project object */;
}
